// !$*UTF8*$!
{
	archiveVersion = 1;
	classes = {
	};
	objectVersion = 46;
	objects = {

/* Begin PBXBuildFile section */
		072DB9E41E79B7800070907C /* CoreLocation.framework in Frameworks */ = {isa = PBXBuildFile; fileRef = 072DB9E31E79B7800070907C /* CoreLocation.framework */; };
		072DB9E61E79B7E80070907C /* AVFoundation.framework in Frameworks */ = {isa = PBXBuildFile; fileRef = 072DB9E51E79B7E80070907C /* AVFoundation.framework */; };
		072DB9E81E79C51F0070907C /* EventKit.framework in Frameworks */ = {isa = PBXBuildFile; fileRef = 072DB9E71E79C51F0070907C /* EventKit.framework */; };
		072DB9EA1E79D4AC0070907C /* CoreBluetooth.framework in Frameworks */ = {isa = PBXBuildFile; fileRef = 072DB9E91E79D4AC0070907C /* CoreBluetooth.framework */; };
		072DB9EC1E79D64E0070907C /* Contacts.framework in Frameworks */ = {isa = PBXBuildFile; fileRef = 072DB9EB1E79D64E0070907C /* Contacts.framework */; };
		072DB9EE1E79E7A60070907C /* HealthKit.framework in Frameworks */ = {isa = PBXBuildFile; fileRef = 072DB9ED1E79E7A60070907C /* HealthKit.framework */; };
		072DB9F11E7AD08F0070907C /* Intents.framework in Frameworks */ = {isa = PBXBuildFile; fileRef = 072DB9F01E7AD08F0070907C /* Intents.framework */; };
		072DB9F31E7AD52A0070907C /* Speech.framework in Frameworks */ = {isa = PBXBuildFile; fileRef = 072DB9F21E7AD52A0070907C /* Speech.framework */; };
		072DBA021E7AD8F80070907C /* Shield.h in Headers */ = {isa = PBXBuildFile; fileRef = 076730A71E7797F600030F0C /* Shield.h */; settings = {ATTRIBUTES = (Public, ); }; };
		072DBA031E7AD8F80070907C /* KSHAuthorizationManager.h in Headers */ = {isa = PBXBuildFile; fileRef = 076730B01E77992B00030F0C /* KSHAuthorizationManager.h */; settings = {ATTRIBUTES = (Public, ); }; };
		072DBA041E7AD9000070907C /* KSHAuthorizationManager.m in Sources */ = {isa = PBXBuildFile; fileRef = 076730B11E77992B00030F0C /* KSHAuthorizationManager.m */; };
		072DBA0D1E7AD9630070907C /* AppDelegate.m in Sources */ = {isa = PBXBuildFile; fileRef = 072DBA0C1E7AD9630070907C /* AppDelegate.m */; };
		072DBA101E7AD9630070907C /* main.m in Sources */ = {isa = PBXBuildFile; fileRef = 072DBA0F1E7AD9630070907C /* main.m */; };
		072DBA131E7AD9630070907C /* ViewController.m in Sources */ = {isa = PBXBuildFile; fileRef = 072DBA121E7AD9630070907C /* ViewController.m */; };
		072DBA151E7AD9630070907C /* Assets.xcassets in Resources */ = {isa = PBXBuildFile; fileRef = 072DBA141E7AD9630070907C /* Assets.xcassets */; };
		072DBA181E7AD9630070907C /* Main.storyboard in Resources */ = {isa = PBXBuildFile; fileRef = 072DBA161E7AD9630070907C /* Main.storyboard */; };
		072DBA1D1E7AD9790070907C /* Stanley.framework in Frameworks */ = {isa = PBXBuildFile; fileRef = 076730D41E779CE800030F0C /* Stanley.framework */; };
		072DBA1E1E7AD9790070907C /* Stanley.framework in Embed Frameworks */ = {isa = PBXBuildFile; fileRef = 076730D41E779CE800030F0C /* Stanley.framework */; settings = {ATTRIBUTES = (CodeSignOnCopy, RemoveHeadersOnCopy, ); }; };
		072DBA201E7AD9830070907C /* Shield.framework in Frameworks */ = {isa = PBXBuildFile; fileRef = 072DB9F91E7AD86E0070907C /* Shield.framework */; };
		072DBA211E7AD9830070907C /* Shield.framework in Embed Frameworks */ = {isa = PBXBuildFile; fileRef = 072DB9F91E7AD86E0070907C /* Shield.framework */; settings = {ATTRIBUTES = (CodeSignOnCopy, RemoveHeadersOnCopy, ); }; };
		072DBA251E7AD9900070907C /* CoreLocation.framework in Frameworks */ = {isa = PBXBuildFile; fileRef = 072DBA241E7AD9900070907C /* CoreLocation.framework */; };
		072DBA271E7AD9970070907C /* Contacts.framework in Frameworks */ = {isa = PBXBuildFile; fileRef = 072DBA261E7AD9970070907C /* Contacts.framework */; };
		072DBA291E7AD99D0070907C /* EventKit.framework in Frameworks */ = {isa = PBXBuildFile; fileRef = 072DBA281E7AD99D0070907C /* EventKit.framework */; };
		072DBA2B1E7AD9AE0070907C /* CoreBluetooth.framework in Frameworks */ = {isa = PBXBuildFile; fileRef = 072DBA2A1E7AD9AE0070907C /* CoreBluetooth.framework */; };
		072DBA2D1E7AE2550070907C /* ApplicationServices.framework in Frameworks */ = {isa = PBXBuildFile; fileRef = 072DBA2C1E7AE2550070907C /* ApplicationServices.framework */; };
		072DBA3B1E7AF3DA0070907C /* Shield.h in Headers */ = {isa = PBXBuildFile; fileRef = 076730A71E7797F600030F0C /* Shield.h */; settings = {ATTRIBUTES = (Public, ); }; };
		072DBA3C1E7AF3DA0070907C /* KSHAuthorizationManager.h in Headers */ = {isa = PBXBuildFile; fileRef = 076730B01E77992B00030F0C /* KSHAuthorizationManager.h */; settings = {ATTRIBUTES = (Public, ); }; };
		072DBA3D1E7AF3E00070907C /* KSHAuthorizationManager.m in Sources */ = {isa = PBXBuildFile; fileRef = 076730B11E77992B00030F0C /* KSHAuthorizationManager.m */; };
		072DBA461E7AF3F10070907C /* main.m in Sources */ = {isa = PBXBuildFile; fileRef = 072DBA451E7AF3F10070907C /* main.m */; };
		072DBA491E7AF3F10070907C /* AppDelegate.m in Sources */ = {isa = PBXBuildFile; fileRef = 072DBA481E7AF3F10070907C /* AppDelegate.m */; };
		072DBA4C1E7AF3F10070907C /* ViewController.m in Sources */ = {isa = PBXBuildFile; fileRef = 072DBA4B1E7AF3F10070907C /* ViewController.m */; };
		072DBA4F1E7AF3F10070907C /* Main.storyboard in Resources */ = {isa = PBXBuildFile; fileRef = 072DBA4D1E7AF3F10070907C /* Main.storyboard */; };
		072DBA511E7AF3F10070907C /* Assets.xcassets in Resources */ = {isa = PBXBuildFile; fileRef = 072DBA501E7AF3F10070907C /* Assets.xcassets */; };
		072DBA581E7AF45D0070907C /* Stanley.framework in Frameworks */ = {isa = PBXBuildFile; fileRef = 072DBA571E7AF45D0070907C /* Stanley.framework */; };
		072DBA591E7AF45D0070907C /* Stanley.framework in Embed Frameworks */ = {isa = PBXBuildFile; fileRef = 072DBA571E7AF45D0070907C /* Stanley.framework */; settings = {ATTRIBUTES = (CodeSignOnCopy, RemoveHeadersOnCopy, ); }; };
		072DBA5B1E7AF4700070907C /* Shield.framework in Frameworks */ = {isa = PBXBuildFile; fileRef = 072DBA331E7AF37D0070907C /* Shield.framework */; };
		072DBA5C1E7AF4700070907C /* Shield.framework in Embed Frameworks */ = {isa = PBXBuildFile; fileRef = 072DBA331E7AF37D0070907C /* Shield.framework */; settings = {ATTRIBUTES = (CodeSignOnCopy, RemoveHeadersOnCopy, ); }; };
		072DBA601E7AFEBE0070907C /* Photos.framework in Frameworks */ = {isa = PBXBuildFile; fileRef = 072DBA5F1E7AFEBE0070907C /* Photos.framework */; };
		072DBA621E7B00BF0070907C /* CoreLocation.framework in Frameworks */ = {isa = PBXBuildFile; fileRef = 072DBA611E7B00BF0070907C /* CoreLocation.framework */; };
		076730A91E7797F600030F0C /* Shield.h in Headers */ = {isa = PBXBuildFile; fileRef = 076730A71E7797F600030F0C /* Shield.h */; settings = {ATTRIBUTES = (Public, ); }; };
		076730B21E77992B00030F0C /* KSHAuthorizationManager.h in Headers */ = {isa = PBXBuildFile; fileRef = 076730B01E77992B00030F0C /* KSHAuthorizationManager.h */; settings = {ATTRIBUTES = (Public, ); }; };
		076730B31E77992B00030F0C /* KSHAuthorizationManager.m in Sources */ = {isa = PBXBuildFile; fileRef = 076730B11E77992B00030F0C /* KSHAuthorizationManager.m */; };
		076730BC1E7799A000030F0C /* main.m in Sources */ = {isa = PBXBuildFile; fileRef = 076730BB1E7799A000030F0C /* main.m */; };
		076730BF1E7799A000030F0C /* AppDelegate.m in Sources */ = {isa = PBXBuildFile; fileRef = 076730BE1E7799A000030F0C /* AppDelegate.m */; };
		076730C21E7799A000030F0C /* ViewController.m in Sources */ = {isa = PBXBuildFile; fileRef = 076730C11E7799A000030F0C /* ViewController.m */; };
		076730C51E7799A000030F0C /* Main.storyboard in Resources */ = {isa = PBXBuildFile; fileRef = 076730C31E7799A000030F0C /* Main.storyboard */; };
		076730C71E7799A000030F0C /* Assets.xcassets in Resources */ = {isa = PBXBuildFile; fileRef = 076730C61E7799A000030F0C /* Assets.xcassets */; };
		076730CA1E7799A000030F0C /* LaunchScreen.storyboard in Resources */ = {isa = PBXBuildFile; fileRef = 076730C81E7799A000030F0C /* LaunchScreen.storyboard */; };
		076730CF1E7799AC00030F0C /* Shield.framework in Frameworks */ = {isa = PBXBuildFile; fileRef = 076730A51E7797F600030F0C /* Shield.framework */; };
		076730D01E7799AC00030F0C /* Shield.framework in Embed Frameworks */ = {isa = PBXBuildFile; fileRef = 076730A51E7797F600030F0C /* Shield.framework */; settings = {ATTRIBUTES = (CodeSignOnCopy, RemoveHeadersOnCopy, ); }; };
		076730D51E779CE800030F0C /* Stanley.framework in Frameworks */ = {isa = PBXBuildFile; fileRef = 076730D41E779CE800030F0C /* Stanley.framework */; };
		076730D61E779CE800030F0C /* Stanley.framework in Embed Frameworks */ = {isa = PBXBuildFile; fileRef = 076730D41E779CE800030F0C /* Stanley.framework */; settings = {ATTRIBUTES = (CodeSignOnCopy, RemoveHeadersOnCopy, ); }; };
		076730D91E779E8200030F0C /* Stanley.framework in Frameworks */ = {isa = PBXBuildFile; fileRef = 076730D81E779E8200030F0C /* Stanley.framework */; };
		076730DB1E779E9500030F0C /* Photos.framework in Frameworks */ = {isa = PBXBuildFile; fileRef = 076730DA1E779E9500030F0C /* Photos.framework */; };
		079728AF1E980C3F00E86545 /* MediaPlayer.framework in Frameworks */ = {isa = PBXBuildFile; fileRef = 079728AE1E980C3F00E86545 /* MediaPlayer.framework */; };
		079728B21E9812E200E86545 /* KSHLocationAuthorization.h in Headers */ = {isa = PBXBuildFile; fileRef = 079728B01E9812E200E86545 /* KSHLocationAuthorization.h */; settings = {ATTRIBUTES = (Public, ); }; };
		079728B31E9812E200E86545 /* KSHLocationAuthorization.h in Headers */ = {isa = PBXBuildFile; fileRef = 079728B01E9812E200E86545 /* KSHLocationAuthorization.h */; settings = {ATTRIBUTES = (Public, ); }; };
		079728B41E9812E200E86545 /* KSHLocationAuthorization.h in Headers */ = {isa = PBXBuildFile; fileRef = 079728B01E9812E200E86545 /* KSHLocationAuthorization.h */; settings = {ATTRIBUTES = (Public, ); }; };
		079728B51E9812E200E86545 /* KSHLocationAuthorization.m in Sources */ = {isa = PBXBuildFile; fileRef = 079728B11E9812E200E86545 /* KSHLocationAuthorization.m */; };
		079728B61E9812E200E86545 /* KSHLocationAuthorization.m in Sources */ = {isa = PBXBuildFile; fileRef = 079728B11E9812E200E86545 /* KSHLocationAuthorization.m */; };
		079728B71E9812E200E86545 /* KSHLocationAuthorization.m in Sources */ = {isa = PBXBuildFile; fileRef = 079728B11E9812E200E86545 /* KSHLocationAuthorization.m */; };
		079728BA1E981DAA00E86545 /* KSHCameraAuthorization.h in Headers */ = {isa = PBXBuildFile; fileRef = 079728B81E981DAA00E86545 /* KSHCameraAuthorization.h */; settings = {ATTRIBUTES = (Public, ); }; };
		079728BB1E981DAA00E86545 /* KSHCameraAuthorization.m in Sources */ = {isa = PBXBuildFile; fileRef = 079728B91E981DAA00E86545 /* KSHCameraAuthorization.m */; };
		079728BE1E9826A700E86545 /* KSHMicrophoneAuthorization.h in Headers */ = {isa = PBXBuildFile; fileRef = 079728BC1E9826A700E86545 /* KSHMicrophoneAuthorization.h */; settings = {ATTRIBUTES = (Public, ); }; };
		079728BF1E9826A700E86545 /* KSHMicrophoneAuthorization.m in Sources */ = {isa = PBXBuildFile; fileRef = 079728BD1E9826A700E86545 /* KSHMicrophoneAuthorization.m */; };
		079728C21E982B8A00E86545 /* KSHMediaLibraryAuthorization.h in Headers */ = {isa = PBXBuildFile; fileRef = 079728C01E982B8A00E86545 /* KSHMediaLibraryAuthorization.h */; settings = {ATTRIBUTES = (Public, ); }; };
		079728C31E982B8A00E86545 /* KSHMediaLibraryAuthorization.m in Sources */ = {isa = PBXBuildFile; fileRef = 079728C11E982B8A00E86545 /* KSHMediaLibraryAuthorization.m */; };
		079728C61E991CCE00E86545 /* KSHPhotosAuthorization.h in Headers */ = {isa = PBXBuildFile; fileRef = 079728C41E991CCE00E86545 /* KSHPhotosAuthorization.h */; settings = {ATTRIBUTES = (Public, ); }; };
		079728C71E991CCE00E86545 /* KSHPhotosAuthorization.h in Headers */ = {isa = PBXBuildFile; fileRef = 079728C41E991CCE00E86545 /* KSHPhotosAuthorization.h */; settings = {ATTRIBUTES = (Public, ); }; };
		079728C81E991CCE00E86545 /* KSHPhotosAuthorization.m in Sources */ = {isa = PBXBuildFile; fileRef = 079728C51E991CCE00E86545 /* KSHPhotosAuthorization.m */; };
		079728C91E991CCE00E86545 /* KSHPhotosAuthorization.m in Sources */ = {isa = PBXBuildFile; fileRef = 079728C51E991CCE00E86545 /* KSHPhotosAuthorization.m */; };
		07C94D781E7B0B7C0014155A /* Stanley.framework in Frameworks */ = {isa = PBXBuildFile; fileRef = 07C94D771E7B0B7C0014155A /* Stanley.framework */; };
/* End PBXBuildFile section */

/* Begin PBXContainerItemProxy section */
		072DBA221E7AD9830070907C /* PBXContainerItemProxy */ = {
			isa = PBXContainerItemProxy;
			containerPortal = 0767308C1E7796A200030F0C /* Project object */;
			proxyType = 1;
			remoteGlobalIDString = 072DB9F81E7AD86E0070907C;
			remoteInfo = "Shield-macOS";
		};
		072DBA5D1E7AF4700070907C /* PBXContainerItemProxy */ = {
			isa = PBXContainerItemProxy;
			containerPortal = 0767308C1E7796A200030F0C /* Project object */;
			proxyType = 1;
			remoteGlobalIDString = 072DBA321E7AF37D0070907C;
			remoteInfo = "Shield-tvOS";
		};
		076730D11E7799AC00030F0C /* PBXContainerItemProxy */ = {
			isa = PBXContainerItemProxy;
			containerPortal = 0767308C1E7796A200030F0C /* Project object */;
			proxyType = 1;
			remoteGlobalIDString = 076730A41E7797F600030F0C;
			remoteInfo = "Shield-iOS";
		};
/* End PBXContainerItemProxy section */

/* Begin PBXCopyFilesBuildPhase section */
		072DBA1F1E7AD9790070907C /* Embed Frameworks */ = {
			isa = PBXCopyFilesBuildPhase;
			buildActionMask = 2147483647;
			dstPath = "";
			dstSubfolderSpec = 10;
			files = (
				072DBA1E1E7AD9790070907C /* Stanley.framework in Embed Frameworks */,
				072DBA211E7AD9830070907C /* Shield.framework in Embed Frameworks */,
			);
			name = "Embed Frameworks";
			runOnlyForDeploymentPostprocessing = 0;
		};
		072DBA5A1E7AF45D0070907C /* Embed Frameworks */ = {
			isa = PBXCopyFilesBuildPhase;
			buildActionMask = 2147483647;
			dstPath = "";
			dstSubfolderSpec = 10;
			files = (
				072DBA591E7AF45D0070907C /* Stanley.framework in Embed Frameworks */,
				072DBA5C1E7AF4700070907C /* Shield.framework in Embed Frameworks */,
			);
			name = "Embed Frameworks";
			runOnlyForDeploymentPostprocessing = 0;
		};
		076730D31E7799AC00030F0C /* Embed Frameworks */ = {
			isa = PBXCopyFilesBuildPhase;
			buildActionMask = 2147483647;
			dstPath = "";
			dstSubfolderSpec = 10;
			files = (
				076730D01E7799AC00030F0C /* Shield.framework in Embed Frameworks */,
				076730D61E779CE800030F0C /* Stanley.framework in Embed Frameworks */,
			);
			name = "Embed Frameworks";
			runOnlyForDeploymentPostprocessing = 0;
		};
/* End PBXCopyFilesBuildPhase section */

/* Begin PBXFileReference section */
		072DB9E31E79B7800070907C /* CoreLocation.framework */ = {isa = PBXFileReference; lastKnownFileType = wrapper.framework; name = CoreLocation.framework; path = Platforms/iPhoneOS.platform/Developer/SDKs/iPhoneOS10.2.sdk/System/Library/Frameworks/CoreLocation.framework; sourceTree = DEVELOPER_DIR; };
		072DB9E51E79B7E80070907C /* AVFoundation.framework */ = {isa = PBXFileReference; lastKnownFileType = wrapper.framework; name = AVFoundation.framework; path = Platforms/iPhoneOS.platform/Developer/SDKs/iPhoneOS10.2.sdk/System/Library/Frameworks/AVFoundation.framework; sourceTree = DEVELOPER_DIR; };
		072DB9E71E79C51F0070907C /* EventKit.framework */ = {isa = PBXFileReference; lastKnownFileType = wrapper.framework; name = EventKit.framework; path = Platforms/iPhoneOS.platform/Developer/SDKs/iPhoneOS10.2.sdk/System/Library/Frameworks/EventKit.framework; sourceTree = DEVELOPER_DIR; };
		072DB9E91E79D4AC0070907C /* CoreBluetooth.framework */ = {isa = PBXFileReference; lastKnownFileType = wrapper.framework; name = CoreBluetooth.framework; path = Platforms/iPhoneOS.platform/Developer/SDKs/iPhoneOS10.2.sdk/System/Library/Frameworks/CoreBluetooth.framework; sourceTree = DEVELOPER_DIR; };
		072DB9EB1E79D64E0070907C /* Contacts.framework */ = {isa = PBXFileReference; lastKnownFileType = wrapper.framework; name = Contacts.framework; path = Platforms/iPhoneOS.platform/Developer/SDKs/iPhoneOS10.2.sdk/System/Library/Frameworks/Contacts.framework; sourceTree = DEVELOPER_DIR; };
		072DB9ED1E79E7A60070907C /* HealthKit.framework */ = {isa = PBXFileReference; lastKnownFileType = wrapper.framework; name = HealthKit.framework; path = Platforms/iPhoneOS.platform/Developer/SDKs/iPhoneOS10.2.sdk/System/Library/Frameworks/HealthKit.framework; sourceTree = DEVELOPER_DIR; };
		072DB9EF1E79E8FF0070907C /* ShieldDemo-iOS.entitlements */ = {isa = PBXFileReference; lastKnownFileType = text.plist.entitlements; path = "ShieldDemo-iOS.entitlements"; sourceTree = "<group>"; };
		072DB9F01E7AD08F0070907C /* Intents.framework */ = {isa = PBXFileReference; lastKnownFileType = wrapper.framework; name = Intents.framework; path = Platforms/iPhoneOS.platform/Developer/SDKs/iPhoneOS10.2.sdk/System/Library/Frameworks/Intents.framework; sourceTree = DEVELOPER_DIR; };
		072DB9F21E7AD52A0070907C /* Speech.framework */ = {isa = PBXFileReference; lastKnownFileType = wrapper.framework; name = Speech.framework; path = Platforms/iPhoneOS.platform/Developer/SDKs/iPhoneOS10.2.sdk/System/Library/Frameworks/Speech.framework; sourceTree = DEVELOPER_DIR; };
		072DB9F91E7AD86E0070907C /* Shield.framework */ = {isa = PBXFileReference; explicitFileType = wrapper.framework; includeInIndex = 0; path = Shield.framework; sourceTree = BUILT_PRODUCTS_DIR; };
		072DBA011E7AD89A0070907C /* Shield-macOS-Info.plist */ = {isa = PBXFileReference; lastKnownFileType = text.plist.xml; path = "Shield-macOS-Info.plist"; sourceTree = "<group>"; };
		072DBA091E7AD9630070907C /* ShieldDemo-macOS.app */ = {isa = PBXFileReference; explicitFileType = wrapper.application; includeInIndex = 0; path = "ShieldDemo-macOS.app"; sourceTree = BUILT_PRODUCTS_DIR; };
		072DBA0B1E7AD9630070907C /* AppDelegate.h */ = {isa = PBXFileReference; lastKnownFileType = sourcecode.c.h; path = AppDelegate.h; sourceTree = "<group>"; };
		072DBA0C1E7AD9630070907C /* AppDelegate.m */ = {isa = PBXFileReference; lastKnownFileType = sourcecode.c.objc; path = AppDelegate.m; sourceTree = "<group>"; };
		072DBA0F1E7AD9630070907C /* main.m */ = {isa = PBXFileReference; lastKnownFileType = sourcecode.c.objc; path = main.m; sourceTree = "<group>"; };
		072DBA111E7AD9630070907C /* ViewController.h */ = {isa = PBXFileReference; lastKnownFileType = sourcecode.c.h; path = ViewController.h; sourceTree = "<group>"; };
		072DBA121E7AD9630070907C /* ViewController.m */ = {isa = PBXFileReference; lastKnownFileType = sourcecode.c.objc; path = ViewController.m; sourceTree = "<group>"; };
		072DBA141E7AD9630070907C /* Assets.xcassets */ = {isa = PBXFileReference; lastKnownFileType = folder.assetcatalog; path = Assets.xcassets; sourceTree = "<group>"; };
		072DBA171E7AD9630070907C /* Base */ = {isa = PBXFileReference; lastKnownFileType = file.storyboard; name = Base; path = Base.lproj/Main.storyboard; sourceTree = "<group>"; };
		072DBA191E7AD9630070907C /* Info.plist */ = {isa = PBXFileReference; lastKnownFileType = text.plist.xml; path = Info.plist; sourceTree = "<group>"; };
		072DBA241E7AD9900070907C /* CoreLocation.framework */ = {isa = PBXFileReference; lastKnownFileType = wrapper.framework; name = CoreLocation.framework; path = System/Library/Frameworks/CoreLocation.framework; sourceTree = SDKROOT; };
		072DBA261E7AD9970070907C /* Contacts.framework */ = {isa = PBXFileReference; lastKnownFileType = wrapper.framework; name = Contacts.framework; path = System/Library/Frameworks/Contacts.framework; sourceTree = SDKROOT; };
		072DBA281E7AD99D0070907C /* EventKit.framework */ = {isa = PBXFileReference; lastKnownFileType = wrapper.framework; name = EventKit.framework; path = System/Library/Frameworks/EventKit.framework; sourceTree = SDKROOT; };
		072DBA2A1E7AD9AE0070907C /* CoreBluetooth.framework */ = {isa = PBXFileReference; lastKnownFileType = wrapper.framework; name = CoreBluetooth.framework; path = System/Library/Frameworks/CoreBluetooth.framework; sourceTree = SDKROOT; };
		072DBA2C1E7AE2550070907C /* ApplicationServices.framework */ = {isa = PBXFileReference; lastKnownFileType = wrapper.framework; name = ApplicationServices.framework; path = System/Library/Frameworks/ApplicationServices.framework; sourceTree = SDKROOT; };
		072DBA331E7AF37D0070907C /* Shield.framework */ = {isa = PBXFileReference; explicitFileType = wrapper.framework; includeInIndex = 0; path = Shield.framework; sourceTree = BUILT_PRODUCTS_DIR; };
		072DBA421E7AF3F10070907C /* ShieldDemo-tvOS.app */ = {isa = PBXFileReference; explicitFileType = wrapper.application; includeInIndex = 0; path = "ShieldDemo-tvOS.app"; sourceTree = BUILT_PRODUCTS_DIR; };
		072DBA451E7AF3F10070907C /* main.m */ = {isa = PBXFileReference; lastKnownFileType = sourcecode.c.objc; path = main.m; sourceTree = "<group>"; };
		072DBA471E7AF3F10070907C /* AppDelegate.h */ = {isa = PBXFileReference; lastKnownFileType = sourcecode.c.h; path = AppDelegate.h; sourceTree = "<group>"; };
		072DBA481E7AF3F10070907C /* AppDelegate.m */ = {isa = PBXFileReference; lastKnownFileType = sourcecode.c.objc; path = AppDelegate.m; sourceTree = "<group>"; };
		072DBA4A1E7AF3F10070907C /* ViewController.h */ = {isa = PBXFileReference; lastKnownFileType = sourcecode.c.h; path = ViewController.h; sourceTree = "<group>"; };
		072DBA4B1E7AF3F10070907C /* ViewController.m */ = {isa = PBXFileReference; lastKnownFileType = sourcecode.c.objc; path = ViewController.m; sourceTree = "<group>"; };
		072DBA4E1E7AF3F10070907C /* Base */ = {isa = PBXFileReference; lastKnownFileType = file.storyboard; name = Base; path = Base.lproj/Main.storyboard; sourceTree = "<group>"; };
		072DBA501E7AF3F10070907C /* Assets.xcassets */ = {isa = PBXFileReference; lastKnownFileType = folder.assetcatalog; path = Assets.xcassets; sourceTree = "<group>"; };
		072DBA521E7AF3F10070907C /* Info.plist */ = {isa = PBXFileReference; lastKnownFileType = text.plist.xml; path = Info.plist; sourceTree = "<group>"; };
		072DBA561E7AF41E0070907C /* Shield-tvOS-Info.plist */ = {isa = PBXFileReference; lastKnownFileType = text.plist.xml; path = "Shield-tvOS-Info.plist"; sourceTree = "<group>"; };
		072DBA571E7AF45D0070907C /* Stanley.framework */ = {isa = PBXFileReference; explicitFileType = wrapper.framework; path = Stanley.framework; sourceTree = BUILT_PRODUCTS_DIR; };
		072DBA5F1E7AFEBE0070907C /* Photos.framework */ = {isa = PBXFileReference; lastKnownFileType = wrapper.framework; name = Photos.framework; path = Platforms/AppleTVOS.platform/Developer/SDKs/AppleTVOS10.1.sdk/System/Library/Frameworks/Photos.framework; sourceTree = DEVELOPER_DIR; };
		072DBA611E7B00BF0070907C /* CoreLocation.framework */ = {isa = PBXFileReference; lastKnownFileType = wrapper.framework; name = CoreLocation.framework; path = Platforms/AppleTVOS.platform/Developer/SDKs/AppleTVOS10.1.sdk/System/Library/Frameworks/CoreLocation.framework; sourceTree = DEVELOPER_DIR; };
		076730A51E7797F600030F0C /* Shield.framework */ = {isa = PBXFileReference; explicitFileType = wrapper.framework; includeInIndex = 0; path = Shield.framework; sourceTree = BUILT_PRODUCTS_DIR; };
		076730A71E7797F600030F0C /* Shield.h */ = {isa = PBXFileReference; lastKnownFileType = sourcecode.c.h; path = Shield.h; sourceTree = "<group>"; };
		076730A81E7797F600030F0C /* Shield-iOS-Info.plist */ = {isa = PBXFileReference; lastKnownFileType = text.plist.xml; path = "Shield-iOS-Info.plist"; sourceTree = "<group>"; };
		076730AD1E77982C00030F0C /* Shield-Info.h */ = {isa = PBXFileReference; lastKnownFileType = sourcecode.c.h; path = "Shield-Info.h"; sourceTree = "<group>"; };
		076730B01E77992B00030F0C /* KSHAuthorizationManager.h */ = {isa = PBXFileReference; fileEncoding = 4; lastKnownFileType = sourcecode.c.h; path = KSHAuthorizationManager.h; sourceTree = "<group>"; };
		076730B11E77992B00030F0C /* KSHAuthorizationManager.m */ = {isa = PBXFileReference; fileEncoding = 4; lastKnownFileType = sourcecode.c.objc; path = KSHAuthorizationManager.m; sourceTree = "<group>"; };
		076730B81E7799A000030F0C /* ShieldDemo-iOS.app */ = {isa = PBXFileReference; explicitFileType = wrapper.application; includeInIndex = 0; path = "ShieldDemo-iOS.app"; sourceTree = BUILT_PRODUCTS_DIR; };
		076730BB1E7799A000030F0C /* main.m */ = {isa = PBXFileReference; lastKnownFileType = sourcecode.c.objc; path = main.m; sourceTree = "<group>"; };
		076730BD1E7799A000030F0C /* AppDelegate.h */ = {isa = PBXFileReference; lastKnownFileType = sourcecode.c.h; path = AppDelegate.h; sourceTree = "<group>"; };
		076730BE1E7799A000030F0C /* AppDelegate.m */ = {isa = PBXFileReference; lastKnownFileType = sourcecode.c.objc; path = AppDelegate.m; sourceTree = "<group>"; };
		076730C01E7799A000030F0C /* ViewController.h */ = {isa = PBXFileReference; lastKnownFileType = sourcecode.c.h; path = ViewController.h; sourceTree = "<group>"; };
		076730C11E7799A000030F0C /* ViewController.m */ = {isa = PBXFileReference; lastKnownFileType = sourcecode.c.objc; path = ViewController.m; sourceTree = "<group>"; };
		076730C41E7799A000030F0C /* Base */ = {isa = PBXFileReference; lastKnownFileType = file.storyboard; name = Base; path = Base.lproj/Main.storyboard; sourceTree = "<group>"; };
		076730C61E7799A000030F0C /* Assets.xcassets */ = {isa = PBXFileReference; lastKnownFileType = folder.assetcatalog; path = Assets.xcassets; sourceTree = "<group>"; };
		076730C91E7799A000030F0C /* Base */ = {isa = PBXFileReference; lastKnownFileType = file.storyboard; name = Base; path = Base.lproj/LaunchScreen.storyboard; sourceTree = "<group>"; };
		076730CB1E7799A000030F0C /* Info.plist */ = {isa = PBXFileReference; lastKnownFileType = text.plist.xml; path = Info.plist; sourceTree = "<group>"; };
		076730D41E779CE800030F0C /* Stanley.framework */ = {isa = PBXFileReference; explicitFileType = wrapper.framework; path = Stanley.framework; sourceTree = BUILT_PRODUCTS_DIR; };
		076730D81E779E8200030F0C /* Stanley.framework */ = {isa = PBXFileReference; lastKnownFileType = wrapper.framework; name = Stanley.framework; path = "Vendor/Stanley/build/Debug-iphoneos/Stanley.framework"; sourceTree = "<group>"; };
		076730DA1E779E9500030F0C /* Photos.framework */ = {isa = PBXFileReference; lastKnownFileType = wrapper.framework; name = Photos.framework; path = Platforms/iPhoneOS.platform/Developer/SDKs/iPhoneOS10.2.sdk/System/Library/Frameworks/Photos.framework; sourceTree = DEVELOPER_DIR; };
		079728AE1E980C3F00E86545 /* MediaPlayer.framework */ = {isa = PBXFileReference; lastKnownFileType = wrapper.framework; name = MediaPlayer.framework; path = Platforms/iPhoneOS.platform/Developer/SDKs/iPhoneOS10.3.sdk/System/Library/Frameworks/MediaPlayer.framework; sourceTree = DEVELOPER_DIR; };
		079728B01E9812E200E86545 /* KSHLocationAuthorization.h */ = {isa = PBXFileReference; fileEncoding = 4; lastKnownFileType = sourcecode.c.h; path = KSHLocationAuthorization.h; sourceTree = "<group>"; };
		079728B11E9812E200E86545 /* KSHLocationAuthorization.m */ = {isa = PBXFileReference; fileEncoding = 4; lastKnownFileType = sourcecode.c.objc; path = KSHLocationAuthorization.m; sourceTree = "<group>"; };
		079728B81E981DAA00E86545 /* KSHCameraAuthorization.h */ = {isa = PBXFileReference; fileEncoding = 4; lastKnownFileType = sourcecode.c.h; name = KSHCameraAuthorization.h; path = iOS/KSHCameraAuthorization.h; sourceTree = "<group>"; };
		079728B91E981DAA00E86545 /* KSHCameraAuthorization.m */ = {isa = PBXFileReference; fileEncoding = 4; lastKnownFileType = sourcecode.c.objc; name = KSHCameraAuthorization.m; path = iOS/KSHCameraAuthorization.m; sourceTree = "<group>"; };
		079728BC1E9826A700E86545 /* KSHMicrophoneAuthorization.h */ = {isa = PBXFileReference; fileEncoding = 4; lastKnownFileType = sourcecode.c.h; name = KSHMicrophoneAuthorization.h; path = iOS/KSHMicrophoneAuthorization.h; sourceTree = "<group>"; };
		079728BD1E9826A700E86545 /* KSHMicrophoneAuthorization.m */ = {isa = PBXFileReference; fileEncoding = 4; lastKnownFileType = sourcecode.c.objc; name = KSHMicrophoneAuthorization.m; path = iOS/KSHMicrophoneAuthorization.m; sourceTree = "<group>"; };
		079728C01E982B8A00E86545 /* KSHMediaLibraryAuthorization.h */ = {isa = PBXFileReference; fileEncoding = 4; lastKnownFileType = sourcecode.c.h; name = KSHMediaLibraryAuthorization.h; path = iOS/KSHMediaLibraryAuthorization.h; sourceTree = "<group>"; };
		079728C11E982B8A00E86545 /* KSHMediaLibraryAuthorization.m */ = {isa = PBXFileReference; fileEncoding = 4; lastKnownFileType = sourcecode.c.objc; name = KSHMediaLibraryAuthorization.m; path = iOS/KSHMediaLibraryAuthorization.m; sourceTree = "<group>"; };
		079728C41E991CCE00E86545 /* KSHPhotosAuthorization.h */ = {isa = PBXFileReference; fileEncoding = 4; lastKnownFileType = sourcecode.c.h; name = KSHPhotosAuthorization.h; path = iOS/KSHPhotosAuthorization.h; sourceTree = "<group>"; };
		079728C51E991CCE00E86545 /* KSHPhotosAuthorization.m */ = {isa = PBXFileReference; fileEncoding = 4; lastKnownFileType = sourcecode.c.objc; name = KSHPhotosAuthorization.m; path = iOS/KSHPhotosAuthorization.m; sourceTree = "<group>"; };
		07C94D771E7B0B7C0014155A /* Stanley.framework */ = {isa = PBXFileReference; lastKnownFileType = wrapper.framework; name = Stanley.framework; path = "../../Library/Developer/Xcode/DerivedData/Shield-gihurrrwbjpxthdungfvofthitcz/Build/Products/Debug-appletvsimulator/Stanley.framework"; sourceTree = "<group>"; };
/* End PBXFileReference section */

/* Begin PBXFrameworksBuildPhase section */
		072DB9F51E7AD86E0070907C /* Frameworks */ = {
			isa = PBXFrameworksBuildPhase;
			buildActionMask = 2147483647;
			files = (
			);
			runOnlyForDeploymentPostprocessing = 0;
		};
		072DBA061E7AD9630070907C /* Frameworks */ = {
			isa = PBXFrameworksBuildPhase;
			buildActionMask = 2147483647;
			files = (
				072DBA2D1E7AE2550070907C /* ApplicationServices.framework in Frameworks */,
				072DBA2B1E7AD9AE0070907C /* CoreBluetooth.framework in Frameworks */,
				072DBA291E7AD99D0070907C /* EventKit.framework in Frameworks */,
				072DBA271E7AD9970070907C /* Contacts.framework in Frameworks */,
				072DBA251E7AD9900070907C /* CoreLocation.framework in Frameworks */,
				072DBA1D1E7AD9790070907C /* Stanley.framework in Frameworks */,
				072DBA201E7AD9830070907C /* Shield.framework in Frameworks */,
			);
			runOnlyForDeploymentPostprocessing = 0;
		};
		072DBA2F1E7AF37D0070907C /* Frameworks */ = {
			isa = PBXFrameworksBuildPhase;
			buildActionMask = 2147483647;
			files = (
				07C94D781E7B0B7C0014155A /* Stanley.framework in Frameworks */,
			);
			runOnlyForDeploymentPostprocessing = 0;
		};
		072DBA3F1E7AF3F10070907C /* Frameworks */ = {
			isa = PBXFrameworksBuildPhase;
			buildActionMask = 2147483647;
			files = (
				072DBA621E7B00BF0070907C /* CoreLocation.framework in Frameworks */,
				072DBA601E7AFEBE0070907C /* Photos.framework in Frameworks */,
				072DBA581E7AF45D0070907C /* Stanley.framework in Frameworks */,
				072DBA5B1E7AF4700070907C /* Shield.framework in Frameworks */,
			);
			runOnlyForDeploymentPostprocessing = 0;
		};
		076730A11E7797F600030F0C /* Frameworks */ = {
			isa = PBXFrameworksBuildPhase;
			buildActionMask = 2147483647;
			files = (
				076730D91E779E8200030F0C /* Stanley.framework in Frameworks */,
			);
			runOnlyForDeploymentPostprocessing = 0;
		};
		076730B51E7799A000030F0C /* Frameworks */ = {
			isa = PBXFrameworksBuildPhase;
			buildActionMask = 2147483647;
			files = (
				079728AF1E980C3F00E86545 /* MediaPlayer.framework in Frameworks */,
				072DB9F31E7AD52A0070907C /* Speech.framework in Frameworks */,
				072DB9F11E7AD08F0070907C /* Intents.framework in Frameworks */,
				072DB9EE1E79E7A60070907C /* HealthKit.framework in Frameworks */,
				072DB9EC1E79D64E0070907C /* Contacts.framework in Frameworks */,
				072DB9EA1E79D4AC0070907C /* CoreBluetooth.framework in Frameworks */,
				072DB9E81E79C51F0070907C /* EventKit.framework in Frameworks */,
				072DB9E61E79B7E80070907C /* AVFoundation.framework in Frameworks */,
				072DB9E41E79B7800070907C /* CoreLocation.framework in Frameworks */,
				076730DB1E779E9500030F0C /* Photos.framework in Frameworks */,
				076730CF1E7799AC00030F0C /* Shield.framework in Frameworks */,
				076730D51E779CE800030F0C /* Stanley.framework in Frameworks */,
			);
			runOnlyForDeploymentPostprocessing = 0;
		};
/* End PBXFrameworksBuildPhase section */

/* Begin PBXGroup section */
		072DBA0A1E7AD9630070907C /* ShieldDemo-macOS */ = {
			isa = PBXGroup;
			children = (
				072DBA0B1E7AD9630070907C /* AppDelegate.h */,
				072DBA0C1E7AD9630070907C /* AppDelegate.m */,
				072DBA111E7AD9630070907C /* ViewController.h */,
				072DBA121E7AD9630070907C /* ViewController.m */,
				072DBA141E7AD9630070907C /* Assets.xcassets */,
				072DBA161E7AD9630070907C /* Main.storyboard */,
				072DBA191E7AD9630070907C /* Info.plist */,
				072DBA0E1E7AD9630070907C /* Supporting Files */,
			);
			path = "ShieldDemo-macOS";
			sourceTree = "<group>";
		};
		072DBA0E1E7AD9630070907C /* Supporting Files */ = {
			isa = PBXGroup;
			children = (
				072DBA0F1E7AD9630070907C /* main.m */,
			);
			name = "Supporting Files";
			sourceTree = "<group>";
		};
		072DBA431E7AF3F10070907C /* ShieldDemo-tvOS */ = {
			isa = PBXGroup;
			children = (
				072DBA471E7AF3F10070907C /* AppDelegate.h */,
				072DBA481E7AF3F10070907C /* AppDelegate.m */,
				072DBA4A1E7AF3F10070907C /* ViewController.h */,
				072DBA4B1E7AF3F10070907C /* ViewController.m */,
				072DBA4D1E7AF3F10070907C /* Main.storyboard */,
				072DBA501E7AF3F10070907C /* Assets.xcassets */,
				072DBA521E7AF3F10070907C /* Info.plist */,
				072DBA441E7AF3F10070907C /* Supporting Files */,
			);
			path = "ShieldDemo-tvOS";
			sourceTree = "<group>";
		};
		072DBA441E7AF3F10070907C /* Supporting Files */ = {
			isa = PBXGroup;
			children = (
				072DBA451E7AF3F10070907C /* main.m */,
			);
			name = "Supporting Files";
			sourceTree = "<group>";
		};
		0767308B1E7796A200030F0C = {
			isa = PBXGroup;
			children = (
				076730A61E7797F600030F0C /* Shield */,
				076730B91E7799A000030F0C /* ShieldDemo-iOS */,
				072DBA0A1E7AD9630070907C /* ShieldDemo-macOS */,
				072DBA431E7AF3F10070907C /* ShieldDemo-tvOS */,
				076730981E7797A700030F0C /* Products */,
				076730D71E779CFF00030F0C /* Frameworks */,
			);
			sourceTree = "<group>";
		};
		076730981E7797A700030F0C /* Products */ = {
			isa = PBXGroup;
			children = (
				076730A51E7797F600030F0C /* Shield.framework */,
				076730B81E7799A000030F0C /* ShieldDemo-iOS.app */,
				072DB9F91E7AD86E0070907C /* Shield.framework */,
				072DBA091E7AD9630070907C /* ShieldDemo-macOS.app */,
				072DBA331E7AF37D0070907C /* Shield.framework */,
				072DBA421E7AF3F10070907C /* ShieldDemo-tvOS.app */,
			);
			name = Products;
			sourceTree = "<group>";
		};
		076730A61E7797F600030F0C /* Shield */ = {
			isa = PBXGroup;
			children = (
				076730A71E7797F600030F0C /* Shield.h */,
				076730AF1E7798E000030F0C /* Source */,
				076730AE1E7798D400030F0C /* Supporting Files */,
			);
			path = Shield;
			sourceTree = "<group>";
		};
		076730AE1E7798D400030F0C /* Supporting Files */ = {
			isa = PBXGroup;
			children = (
				076730A81E7797F600030F0C /* Shield-iOS-Info.plist */,
				072DBA011E7AD89A0070907C /* Shield-macOS-Info.plist */,
				072DBA561E7AF41E0070907C /* Shield-tvOS-Info.plist */,
				076730AD1E77982C00030F0C /* Shield-Info.h */,
			);
			name = "Supporting Files";
			sourceTree = "<group>";
		};
		076730AF1E7798E000030F0C /* Source */ = {
			isa = PBXGroup;
			children = (
				076730B01E77992B00030F0C /* KSHAuthorizationManager.h */,
				076730B11E77992B00030F0C /* KSHAuthorizationManager.m */,
				079728B01E9812E200E86545 /* KSHLocationAuthorization.h */,
				079728B11E9812E200E86545 /* KSHLocationAuthorization.m */,
				079728B81E981DAA00E86545 /* KSHCameraAuthorization.h */,
				079728B91E981DAA00E86545 /* KSHCameraAuthorization.m */,
				079728BC1E9826A700E86545 /* KSHMicrophoneAuthorization.h */,
				079728BD1E9826A700E86545 /* KSHMicrophoneAuthorization.m */,
				079728C01E982B8A00E86545 /* KSHMediaLibraryAuthorization.h */,
				079728C11E982B8A00E86545 /* KSHMediaLibraryAuthorization.m */,
				079728C41E991CCE00E86545 /* KSHPhotosAuthorization.h */,
				079728C51E991CCE00E86545 /* KSHPhotosAuthorization.m */,
			);
			name = Source;
			sourceTree = "<group>";
		};
		076730B91E7799A000030F0C /* ShieldDemo-iOS */ = {
			isa = PBXGroup;
			children = (
				072DB9EF1E79E8FF0070907C /* ShieldDemo-iOS.entitlements */,
				076730BD1E7799A000030F0C /* AppDelegate.h */,
				076730BE1E7799A000030F0C /* AppDelegate.m */,
				076730C01E7799A000030F0C /* ViewController.h */,
				076730C11E7799A000030F0C /* ViewController.m */,
				076730C31E7799A000030F0C /* Main.storyboard */,
				076730C61E7799A000030F0C /* Assets.xcassets */,
				076730C81E7799A000030F0C /* LaunchScreen.storyboard */,
				076730CB1E7799A000030F0C /* Info.plist */,
				076730BA1E7799A000030F0C /* Supporting Files */,
			);
			path = "ShieldDemo-iOS";
			sourceTree = "<group>";
		};
		076730BA1E7799A000030F0C /* Supporting Files */ = {
			isa = PBXGroup;
			children = (
				076730BB1E7799A000030F0C /* main.m */,
			);
			name = "Supporting Files";
			sourceTree = "<group>";
		};
		076730D71E779CFF00030F0C /* Frameworks */ = {
			isa = PBXGroup;
			children = (
				079728AE1E980C3F00E86545 /* MediaPlayer.framework */,
				07C94D771E7B0B7C0014155A /* Stanley.framework */,
				072DBA611E7B00BF0070907C /* CoreLocation.framework */,
				072DBA5F1E7AFEBE0070907C /* Photos.framework */,
				072DBA571E7AF45D0070907C /* Stanley.framework */,
				072DBA2C1E7AE2550070907C /* ApplicationServices.framework */,
				072DBA2A1E7AD9AE0070907C /* CoreBluetooth.framework */,
				072DBA281E7AD99D0070907C /* EventKit.framework */,
				072DBA261E7AD9970070907C /* Contacts.framework */,
				072DBA241E7AD9900070907C /* CoreLocation.framework */,
				072DB9F21E7AD52A0070907C /* Speech.framework */,
				072DB9F01E7AD08F0070907C /* Intents.framework */,
				072DB9ED1E79E7A60070907C /* HealthKit.framework */,
				072DB9EB1E79D64E0070907C /* Contacts.framework */,
				072DB9E91E79D4AC0070907C /* CoreBluetooth.framework */,
				072DB9E71E79C51F0070907C /* EventKit.framework */,
				072DB9E51E79B7E80070907C /* AVFoundation.framework */,
				072DB9E31E79B7800070907C /* CoreLocation.framework */,
				076730DA1E779E9500030F0C /* Photos.framework */,
				076730D81E779E8200030F0C /* Stanley.framework */,
				076730D41E779CE800030F0C /* Stanley.framework */,
			);
			name = Frameworks;
			sourceTree = "<group>";
		};
/* End PBXGroup section */

/* Begin PBXHeadersBuildPhase section */
		072DB9F61E7AD86E0070907C /* Headers */ = {
			isa = PBXHeadersBuildPhase;
			buildActionMask = 2147483647;
			files = (
				072DBA021E7AD8F80070907C /* Shield.h in Headers */,
				079728B31E9812E200E86545 /* KSHLocationAuthorization.h in Headers */,
				072DBA031E7AD8F80070907C /* KSHAuthorizationManager.h in Headers */,
			);
			runOnlyForDeploymentPostprocessing = 0;
		};
		072DBA301E7AF37D0070907C /* Headers */ = {
			isa = PBXHeadersBuildPhase;
			buildActionMask = 2147483647;
			files = (
				072DBA3C1E7AF3DA0070907C /* KSHAuthorizationManager.h in Headers */,
				079728B41E9812E200E86545 /* KSHLocationAuthorization.h in Headers */,
				079728C71E991CCE00E86545 /* KSHPhotosAuthorization.h in Headers */,
				072DBA3B1E7AF3DA0070907C /* Shield.h in Headers */,
			);
			runOnlyForDeploymentPostprocessing = 0;
		};
		076730A21E7797F600030F0C /* Headers */ = {
			isa = PBXHeadersBuildPhase;
			buildActionMask = 2147483647;
			files = (
				079728C61E991CCE00E86545 /* KSHPhotosAuthorization.h in Headers */,
				076730A91E7797F600030F0C /* Shield.h in Headers */,
				079728BE1E9826A700E86545 /* KSHMicrophoneAuthorization.h in Headers */,
				079728C21E982B8A00E86545 /* KSHMediaLibraryAuthorization.h in Headers */,
				079728B21E9812E200E86545 /* KSHLocationAuthorization.h in Headers */,
				079728BA1E981DAA00E86545 /* KSHCameraAuthorization.h in Headers */,
				076730B21E77992B00030F0C /* KSHAuthorizationManager.h in Headers */,
			);
			runOnlyForDeploymentPostprocessing = 0;
		};
/* End PBXHeadersBuildPhase section */

/* Begin PBXNativeTarget section */
		072DB9F81E7AD86E0070907C /* Shield-macOS */ = {
			isa = PBXNativeTarget;
			buildConfigurationList = 072DB9FE1E7AD86E0070907C /* Build configuration list for PBXNativeTarget "Shield-macOS" */;
			buildPhases = (
				072DB9F41E7AD86E0070907C /* Sources */,
				072DB9F51E7AD86E0070907C /* Frameworks */,
				072DB9F61E7AD86E0070907C /* Headers */,
				072DB9F71E7AD86E0070907C /* Resources */,
			);
			buildRules = (
			);
			dependencies = (
			);
			name = "Shield-macOS";
			productName = "Shield-macOS";
			productReference = 072DB9F91E7AD86E0070907C /* Shield.framework */;
			productType = "com.apple.product-type.framework";
		};
		072DBA081E7AD9630070907C /* ShieldDemo-macOS */ = {
			isa = PBXNativeTarget;
			buildConfigurationList = 072DBA1A1E7AD9630070907C /* Build configuration list for PBXNativeTarget "ShieldDemo-macOS" */;
			buildPhases = (
				072DBA051E7AD9630070907C /* Sources */,
				072DBA061E7AD9630070907C /* Frameworks */,
				072DBA071E7AD9630070907C /* Resources */,
				072DBA1F1E7AD9790070907C /* Embed Frameworks */,
			);
			buildRules = (
			);
			dependencies = (
				072DBA231E7AD9830070907C /* PBXTargetDependency */,
			);
			name = "ShieldDemo-macOS";
			productName = "ShieldDemo-macOS";
			productReference = 072DBA091E7AD9630070907C /* ShieldDemo-macOS.app */;
			productType = "com.apple.product-type.application";
		};
		072DBA321E7AF37D0070907C /* Shield-tvOS */ = {
			isa = PBXNativeTarget;
			buildConfigurationList = 072DBA381E7AF37D0070907C /* Build configuration list for PBXNativeTarget "Shield-tvOS" */;
			buildPhases = (
				072DBA2E1E7AF37D0070907C /* Sources */,
				072DBA2F1E7AF37D0070907C /* Frameworks */,
				072DBA301E7AF37D0070907C /* Headers */,
				072DBA311E7AF37D0070907C /* Resources */,
			);
			buildRules = (
			);
			dependencies = (
			);
			name = "Shield-tvOS";
			productName = "Shield-tvOS";
			productReference = 072DBA331E7AF37D0070907C /* Shield.framework */;
			productType = "com.apple.product-type.framework";
		};
		072DBA411E7AF3F10070907C /* ShieldDemo-tvOS */ = {
			isa = PBXNativeTarget;
			buildConfigurationList = 072DBA531E7AF3F10070907C /* Build configuration list for PBXNativeTarget "ShieldDemo-tvOS" */;
			buildPhases = (
				072DBA3E1E7AF3F10070907C /* Sources */,
				072DBA3F1E7AF3F10070907C /* Frameworks */,
				072DBA401E7AF3F10070907C /* Resources */,
				072DBA5A1E7AF45D0070907C /* Embed Frameworks */,
			);
			buildRules = (
			);
			dependencies = (
				072DBA5E1E7AF4700070907C /* PBXTargetDependency */,
			);
			name = "ShieldDemo-tvOS";
			productName = "ShieldDemo-tvOS";
			productReference = 072DBA421E7AF3F10070907C /* ShieldDemo-tvOS.app */;
			productType = "com.apple.product-type.application";
		};
		076730A41E7797F600030F0C /* Shield-iOS */ = {
			isa = PBXNativeTarget;
			buildConfigurationList = 076730AA1E7797F600030F0C /* Build configuration list for PBXNativeTarget "Shield-iOS" */;
			buildPhases = (
				076730A01E7797F600030F0C /* Sources */,
				076730A11E7797F600030F0C /* Frameworks */,
				076730A21E7797F600030F0C /* Headers */,
				076730A31E7797F600030F0C /* Resources */,
			);
			buildRules = (
			);
			dependencies = (
			);
			name = "Shield-iOS";
			productName = Shield;
			productReference = 076730A51E7797F600030F0C /* Shield.framework */;
			productType = "com.apple.product-type.framework";
		};
		076730B71E7799A000030F0C /* ShieldDemo-iOS */ = {
			isa = PBXNativeTarget;
			buildConfigurationList = 076730CC1E7799A000030F0C /* Build configuration list for PBXNativeTarget "ShieldDemo-iOS" */;
			buildPhases = (
				076730B41E7799A000030F0C /* Sources */,
				076730B51E7799A000030F0C /* Frameworks */,
				076730B61E7799A000030F0C /* Resources */,
				076730D31E7799AC00030F0C /* Embed Frameworks */,
			);
			buildRules = (
			);
			dependencies = (
				076730D21E7799AC00030F0C /* PBXTargetDependency */,
			);
			name = "ShieldDemo-iOS";
			productName = "ShieldDemo-iOS";
			productReference = 076730B81E7799A000030F0C /* ShieldDemo-iOS.app */;
			productType = "com.apple.product-type.application";
		};
/* End PBXNativeTarget section */

/* Begin PBXProject section */
		0767308C1E7796A200030F0C /* Project object */ = {
			isa = PBXProject;
			attributes = {
				CLASSPREFIX = KSH;
				LastUpgradeCheck = 0820;
				ORGANIZATIONNAME = "Kosoku Interactive, LLC.";
				TargetAttributes = {
					072DB9F81E7AD86E0070907C = {
						CreatedOnToolsVersion = 8.2.1;
						ProvisioningStyle = Automatic;
					};
					072DBA081E7AD9630070907C = {
						CreatedOnToolsVersion = 8.2.1;
						ProvisioningStyle = Automatic;
					};
					072DBA321E7AF37D0070907C = {
						CreatedOnToolsVersion = 8.2.1;
						ProvisioningStyle = Automatic;
					};
					072DBA411E7AF3F10070907C = {
						CreatedOnToolsVersion = 8.2.1;
						ProvisioningStyle = Automatic;
						SystemCapabilities = {
							com.apple.BackgroundModes.appletvos = {
								enabled = 0;
							};
						};
					};
					076730A41E7797F600030F0C = {
						CreatedOnToolsVersion = 8.2.1;
						ProvisioningStyle = Automatic;
					};
					076730B71E7799A000030F0C = {
						CreatedOnToolsVersion = 8.2.1;
						DevelopmentTeam = C6AZ27TEW2;
						ProvisioningStyle = Automatic;
						SystemCapabilities = {
							com.apple.BackgroundModes = {
								enabled = 1;
							};
							com.apple.HealthKit = {
								enabled = 1;
							};
							com.apple.Siri = {
								enabled = 1;
							};
						};
					};
				};
			};
			buildConfigurationList = 0767308F1E7796A200030F0C /* Build configuration list for PBXProject "Shield" */;
			compatibilityVersion = "Xcode 3.2";
			developmentRegion = English;
			hasScannedForEncodings = 0;
			knownRegions = (
				en,
				Base,
			);
			mainGroup = 0767308B1E7796A200030F0C;
			productRefGroup = 076730981E7797A700030F0C /* Products */;
			projectDirPath = "";
			projectRoot = "";
			targets = (
				076730A41E7797F600030F0C /* Shield-iOS */,
				072DB9F81E7AD86E0070907C /* Shield-macOS */,
				072DBA321E7AF37D0070907C /* Shield-tvOS */,
				076730B71E7799A000030F0C /* ShieldDemo-iOS */,
				072DBA081E7AD9630070907C /* ShieldDemo-macOS */,
				072DBA411E7AF3F10070907C /* ShieldDemo-tvOS */,
			);
		};
/* End PBXProject section */

/* Begin PBXResourcesBuildPhase section */
		072DB9F71E7AD86E0070907C /* Resources */ = {
			isa = PBXResourcesBuildPhase;
			buildActionMask = 2147483647;
			files = (
			);
			runOnlyForDeploymentPostprocessing = 0;
		};
		072DBA071E7AD9630070907C /* Resources */ = {
			isa = PBXResourcesBuildPhase;
			buildActionMask = 2147483647;
			files = (
				072DBA151E7AD9630070907C /* Assets.xcassets in Resources */,
				072DBA181E7AD9630070907C /* Main.storyboard in Resources */,
			);
			runOnlyForDeploymentPostprocessing = 0;
		};
		072DBA311E7AF37D0070907C /* Resources */ = {
			isa = PBXResourcesBuildPhase;
			buildActionMask = 2147483647;
			files = (
			);
			runOnlyForDeploymentPostprocessing = 0;
		};
		072DBA401E7AF3F10070907C /* Resources */ = {
			isa = PBXResourcesBuildPhase;
			buildActionMask = 2147483647;
			files = (
				072DBA511E7AF3F10070907C /* Assets.xcassets in Resources */,
				072DBA4F1E7AF3F10070907C /* Main.storyboard in Resources */,
			);
			runOnlyForDeploymentPostprocessing = 0;
		};
		076730A31E7797F600030F0C /* Resources */ = {
			isa = PBXResourcesBuildPhase;
			buildActionMask = 2147483647;
			files = (
			);
			runOnlyForDeploymentPostprocessing = 0;
		};
		076730B61E7799A000030F0C /* Resources */ = {
			isa = PBXResourcesBuildPhase;
			buildActionMask = 2147483647;
			files = (
				076730CA1E7799A000030F0C /* LaunchScreen.storyboard in Resources */,
				076730C71E7799A000030F0C /* Assets.xcassets in Resources */,
				076730C51E7799A000030F0C /* Main.storyboard in Resources */,
			);
			runOnlyForDeploymentPostprocessing = 0;
		};
/* End PBXResourcesBuildPhase section */

/* Begin PBXSourcesBuildPhase section */
		072DB9F41E7AD86E0070907C /* Sources */ = {
			isa = PBXSourcesBuildPhase;
			buildActionMask = 2147483647;
			files = (
				072DBA041E7AD9000070907C /* KSHAuthorizationManager.m in Sources */,
				079728B61E9812E200E86545 /* KSHLocationAuthorization.m in Sources */,
			);
			runOnlyForDeploymentPostprocessing = 0;
		};
		072DBA051E7AD9630070907C /* Sources */ = {
			isa = PBXSourcesBuildPhase;
			buildActionMask = 2147483647;
			files = (
				072DBA131E7AD9630070907C /* ViewController.m in Sources */,
				072DBA101E7AD9630070907C /* main.m in Sources */,
				072DBA0D1E7AD9630070907C /* AppDelegate.m in Sources */,
			);
			runOnlyForDeploymentPostprocessing = 0;
		};
		072DBA2E1E7AF37D0070907C /* Sources */ = {
			isa = PBXSourcesBuildPhase;
			buildActionMask = 2147483647;
			files = (
				072DBA3D1E7AF3E00070907C /* KSHAuthorizationManager.m in Sources */,
				079728C91E991CCE00E86545 /* KSHPhotosAuthorization.m in Sources */,
				079728B71E9812E200E86545 /* KSHLocationAuthorization.m in Sources */,
			);
			runOnlyForDeploymentPostprocessing = 0;
		};
		072DBA3E1E7AF3F10070907C /* Sources */ = {
			isa = PBXSourcesBuildPhase;
			buildActionMask = 2147483647;
			files = (
				072DBA4C1E7AF3F10070907C /* ViewController.m in Sources */,
				072DBA491E7AF3F10070907C /* AppDelegate.m in Sources */,
				072DBA461E7AF3F10070907C /* main.m in Sources */,
			);
			runOnlyForDeploymentPostprocessing = 0;
		};
		076730A01E7797F600030F0C /* Sources */ = {
			isa = PBXSourcesBuildPhase;
			buildActionMask = 2147483647;
			files = (
				076730B31E77992B00030F0C /* KSHAuthorizationManager.m in Sources */,
				079728C81E991CCE00E86545 /* KSHPhotosAuthorization.m in Sources */,
				079728C31E982B8A00E86545 /* KSHMediaLibraryAuthorization.m in Sources */,
				079728BB1E981DAA00E86545 /* KSHCameraAuthorization.m in Sources */,
				079728BF1E9826A700E86545 /* KSHMicrophoneAuthorization.m in Sources */,
				079728B51E9812E200E86545 /* KSHLocationAuthorization.m in Sources */,
			);
			runOnlyForDeploymentPostprocessing = 0;
		};
		076730B41E7799A000030F0C /* Sources */ = {
			isa = PBXSourcesBuildPhase;
			buildActionMask = 2147483647;
			files = (
				076730C21E7799A000030F0C /* ViewController.m in Sources */,
				076730BF1E7799A000030F0C /* AppDelegate.m in Sources */,
				076730BC1E7799A000030F0C /* main.m in Sources */,
			);
			runOnlyForDeploymentPostprocessing = 0;
		};
/* End PBXSourcesBuildPhase section */

/* Begin PBXTargetDependency section */
		072DBA231E7AD9830070907C /* PBXTargetDependency */ = {
			isa = PBXTargetDependency;
			target = 072DB9F81E7AD86E0070907C /* Shield-macOS */;
			targetProxy = 072DBA221E7AD9830070907C /* PBXContainerItemProxy */;
		};
		072DBA5E1E7AF4700070907C /* PBXTargetDependency */ = {
			isa = PBXTargetDependency;
			target = 072DBA321E7AF37D0070907C /* Shield-tvOS */;
			targetProxy = 072DBA5D1E7AF4700070907C /* PBXContainerItemProxy */;
		};
		076730D21E7799AC00030F0C /* PBXTargetDependency */ = {
			isa = PBXTargetDependency;
			target = 076730A41E7797F600030F0C /* Shield-iOS */;
			targetProxy = 076730D11E7799AC00030F0C /* PBXContainerItemProxy */;
		};
/* End PBXTargetDependency section */

/* Begin PBXVariantGroup section */
		072DBA161E7AD9630070907C /* Main.storyboard */ = {
			isa = PBXVariantGroup;
			children = (
				072DBA171E7AD9630070907C /* Base */,
			);
			name = Main.storyboard;
			sourceTree = "<group>";
		};
		072DBA4D1E7AF3F10070907C /* Main.storyboard */ = {
			isa = PBXVariantGroup;
			children = (
				072DBA4E1E7AF3F10070907C /* Base */,
			);
			name = Main.storyboard;
			sourceTree = "<group>";
		};
		076730C31E7799A000030F0C /* Main.storyboard */ = {
			isa = PBXVariantGroup;
			children = (
				076730C41E7799A000030F0C /* Base */,
			);
			name = Main.storyboard;
			sourceTree = "<group>";
		};
		076730C81E7799A000030F0C /* LaunchScreen.storyboard */ = {
			isa = PBXVariantGroup;
			children = (
				076730C91E7799A000030F0C /* Base */,
			);
			name = LaunchScreen.storyboard;
			sourceTree = "<group>";
		};
/* End PBXVariantGroup section */

/* Begin XCBuildConfiguration section */
		072DB9FF1E7AD86E0070907C /* Debug */ = {
			isa = XCBuildConfiguration;
			buildSettings = {
				ALWAYS_SEARCH_USER_PATHS = NO;
				CLANG_ALLOW_NON_MODULAR_INCLUDES_IN_FRAMEWORK_MODULES = YES;
				CLANG_ANALYZER_NONNULL = YES;
				CLANG_CXX_LANGUAGE_STANDARD = "gnu++0x";
				CLANG_CXX_LIBRARY = "libc++";
				CLANG_ENABLE_MODULES = YES;
				CLANG_ENABLE_OBJC_ARC = YES;
				CLANG_WARN_BOOL_CONVERSION = YES;
				CLANG_WARN_CONSTANT_CONVERSION = YES;
				CLANG_WARN_DIRECT_OBJC_ISA_USAGE = YES_ERROR;
				CLANG_WARN_DOCUMENTATION_COMMENTS = YES;
				CLANG_WARN_EMPTY_BODY = YES;
				CLANG_WARN_ENUM_CONVERSION = YES;
				CLANG_WARN_INFINITE_RECURSION = YES;
				CLANG_WARN_INT_CONVERSION = YES;
				CLANG_WARN_OBJC_ROOT_CLASS = YES_ERROR;
				CLANG_WARN_SUSPICIOUS_MOVE = YES;
				CLANG_WARN_UNREACHABLE_CODE = YES;
				CLANG_WARN__DUPLICATE_METHOD_MATCH = YES;
				CODE_SIGN_IDENTITY = "-";
				COMBINE_HIDPI_IMAGES = YES;
				COPY_PHASE_STRIP = NO;
				CURRENT_PROJECT_VERSION = 1;
				DEBUG_INFORMATION_FORMAT = dwarf;
				DEFINES_MODULE = YES;
				DYLIB_COMPATIBILITY_VERSION = 1;
				DYLIB_CURRENT_VERSION = 1;
				DYLIB_INSTALL_NAME_BASE = "@rpath";
				ENABLE_STRICT_OBJC_MSGSEND = YES;
				ENABLE_TESTABILITY = YES;
				FRAMEWORK_VERSION = A;
				GCC_C_LANGUAGE_STANDARD = gnu99;
				GCC_DYNAMIC_NO_PIC = NO;
				GCC_NO_COMMON_BLOCKS = YES;
				GCC_OPTIMIZATION_LEVEL = 0;
				GCC_PREPROCESSOR_DEFINITIONS = (
					"DEBUG=1",
					"$(inherited)",
				);
				GCC_WARN_64_TO_32_BIT_CONVERSION = YES;
				GCC_WARN_ABOUT_RETURN_TYPE = YES_ERROR;
				GCC_WARN_UNDECLARED_SELECTOR = YES;
				GCC_WARN_UNINITIALIZED_AUTOS = YES_AGGRESSIVE;
				GCC_WARN_UNUSED_FUNCTION = YES;
				GCC_WARN_UNUSED_VARIABLE = YES;
				INFOPLIST_FILE = "$(SRCROOT)/Shield/Shield-macOS-Info.plist";
				INFOPLIST_PREFIX_HEADER = "$(SRCROOT)/Shield/Shield-Info.h";
				INFOPLIST_PREPROCESS = YES;
				INSTALL_PATH = "$(LOCAL_LIBRARY_DIR)/Frameworks";
				LD_RUNPATH_SEARCH_PATHS = "$(inherited) @executable_path/../Frameworks @loader_path/Frameworks";
				MACOSX_DEPLOYMENT_TARGET = 10.12;
				MTL_ENABLE_DEBUG_INFO = YES;
				ONLY_ACTIVE_ARCH = YES;
				PRODUCT_BUNDLE_IDENTIFIER = com.kosoku.shield;
				PRODUCT_NAME = Shield;
				SDKROOT = macosx;
				SKIP_INSTALL = YES;
				VERSIONING_SYSTEM = "apple-generic";
				VERSION_INFO_PREFIX = "";
			};
			name = Debug;
		};
		072DBA001E7AD86E0070907C /* Release */ = {
			isa = XCBuildConfiguration;
			buildSettings = {
				ALWAYS_SEARCH_USER_PATHS = NO;
				CLANG_ALLOW_NON_MODULAR_INCLUDES_IN_FRAMEWORK_MODULES = YES;
				CLANG_ANALYZER_NONNULL = YES;
				CLANG_CXX_LANGUAGE_STANDARD = "gnu++0x";
				CLANG_CXX_LIBRARY = "libc++";
				CLANG_ENABLE_MODULES = YES;
				CLANG_ENABLE_OBJC_ARC = YES;
				CLANG_WARN_BOOL_CONVERSION = YES;
				CLANG_WARN_CONSTANT_CONVERSION = YES;
				CLANG_WARN_DIRECT_OBJC_ISA_USAGE = YES_ERROR;
				CLANG_WARN_DOCUMENTATION_COMMENTS = YES;
				CLANG_WARN_EMPTY_BODY = YES;
				CLANG_WARN_ENUM_CONVERSION = YES;
				CLANG_WARN_INFINITE_RECURSION = YES;
				CLANG_WARN_INT_CONVERSION = YES;
				CLANG_WARN_OBJC_ROOT_CLASS = YES_ERROR;
				CLANG_WARN_SUSPICIOUS_MOVE = YES;
				CLANG_WARN_UNREACHABLE_CODE = YES;
				CLANG_WARN__DUPLICATE_METHOD_MATCH = YES;
				CODE_SIGN_IDENTITY = "-";
				COMBINE_HIDPI_IMAGES = YES;
				COPY_PHASE_STRIP = NO;
				CURRENT_PROJECT_VERSION = 1;
				DEBUG_INFORMATION_FORMAT = "dwarf-with-dsym";
				DEFINES_MODULE = YES;
				DYLIB_COMPATIBILITY_VERSION = 1;
				DYLIB_CURRENT_VERSION = 1;
				DYLIB_INSTALL_NAME_BASE = "@rpath";
				ENABLE_NS_ASSERTIONS = NO;
				ENABLE_STRICT_OBJC_MSGSEND = YES;
				FRAMEWORK_VERSION = A;
				GCC_C_LANGUAGE_STANDARD = gnu99;
				GCC_NO_COMMON_BLOCKS = YES;
				GCC_WARN_64_TO_32_BIT_CONVERSION = YES;
				GCC_WARN_ABOUT_RETURN_TYPE = YES_ERROR;
				GCC_WARN_UNDECLARED_SELECTOR = YES;
				GCC_WARN_UNINITIALIZED_AUTOS = YES_AGGRESSIVE;
				GCC_WARN_UNUSED_FUNCTION = YES;
				GCC_WARN_UNUSED_VARIABLE = YES;
				INFOPLIST_FILE = "$(SRCROOT)/Shield/Shield-macOS-Info.plist";
				INFOPLIST_PREFIX_HEADER = "$(SRCROOT)/Shield/Shield-Info.h";
				INFOPLIST_PREPROCESS = YES;
				INSTALL_PATH = "$(LOCAL_LIBRARY_DIR)/Frameworks";
				LD_RUNPATH_SEARCH_PATHS = "$(inherited) @executable_path/../Frameworks @loader_path/Frameworks";
				MACOSX_DEPLOYMENT_TARGET = 10.12;
				MTL_ENABLE_DEBUG_INFO = NO;
				PRODUCT_BUNDLE_IDENTIFIER = com.kosoku.shield;
				PRODUCT_NAME = Shield;
				SDKROOT = macosx;
				SKIP_INSTALL = YES;
				VERSIONING_SYSTEM = "apple-generic";
				VERSION_INFO_PREFIX = "";
			};
			name = Release;
		};
		072DBA1B1E7AD9630070907C /* Debug */ = {
			isa = XCBuildConfiguration;
			buildSettings = {
				ALWAYS_SEARCH_USER_PATHS = NO;
				ASSETCATALOG_COMPILER_APPICON_NAME = AppIcon;
				CLANG_ANALYZER_NONNULL = YES;
				CLANG_CXX_LANGUAGE_STANDARD = "gnu++0x";
				CLANG_CXX_LIBRARY = "libc++";
				CLANG_ENABLE_MODULES = YES;
				CLANG_ENABLE_OBJC_ARC = YES;
				CLANG_WARN_BOOL_CONVERSION = YES;
				CLANG_WARN_CONSTANT_CONVERSION = YES;
				CLANG_WARN_DIRECT_OBJC_ISA_USAGE = YES_ERROR;
				CLANG_WARN_DOCUMENTATION_COMMENTS = YES;
				CLANG_WARN_EMPTY_BODY = YES;
				CLANG_WARN_ENUM_CONVERSION = YES;
				CLANG_WARN_INFINITE_RECURSION = YES;
				CLANG_WARN_INT_CONVERSION = YES;
				CLANG_WARN_OBJC_ROOT_CLASS = YES_ERROR;
				CLANG_WARN_SUSPICIOUS_MOVE = YES;
				CLANG_WARN_UNREACHABLE_CODE = YES;
				CLANG_WARN__DUPLICATE_METHOD_MATCH = YES;
				CODE_SIGN_IDENTITY = "-";
				COMBINE_HIDPI_IMAGES = YES;
				COPY_PHASE_STRIP = NO;
				DEBUG_INFORMATION_FORMAT = dwarf;
				ENABLE_STRICT_OBJC_MSGSEND = YES;
				ENABLE_TESTABILITY = YES;
				GCC_C_LANGUAGE_STANDARD = gnu99;
				GCC_DYNAMIC_NO_PIC = NO;
				GCC_NO_COMMON_BLOCKS = YES;
				GCC_OPTIMIZATION_LEVEL = 0;
				GCC_PREPROCESSOR_DEFINITIONS = (
					"DEBUG=1",
					"$(inherited)",
				);
				GCC_WARN_64_TO_32_BIT_CONVERSION = YES;
				GCC_WARN_ABOUT_RETURN_TYPE = YES_ERROR;
				GCC_WARN_UNDECLARED_SELECTOR = YES;
				GCC_WARN_UNINITIALIZED_AUTOS = YES_AGGRESSIVE;
				GCC_WARN_UNUSED_FUNCTION = YES;
				GCC_WARN_UNUSED_VARIABLE = YES;
				INFOPLIST_FILE = "ShieldDemo-macOS/Info.plist";
				LD_RUNPATH_SEARCH_PATHS = "$(inherited) @executable_path/../Frameworks";
				MACOSX_DEPLOYMENT_TARGET = 10.12;
				MTL_ENABLE_DEBUG_INFO = YES;
				ONLY_ACTIVE_ARCH = YES;
				PRODUCT_BUNDLE_IDENTIFIER = "com.kosoku.ShieldDemo-macOS";
				PRODUCT_NAME = "$(TARGET_NAME)";
				SDKROOT = macosx;
			};
			name = Debug;
		};
		072DBA1C1E7AD9630070907C /* Release */ = {
			isa = XCBuildConfiguration;
			buildSettings = {
				ALWAYS_SEARCH_USER_PATHS = NO;
				ASSETCATALOG_COMPILER_APPICON_NAME = AppIcon;
				CLANG_ANALYZER_NONNULL = YES;
				CLANG_CXX_LANGUAGE_STANDARD = "gnu++0x";
				CLANG_CXX_LIBRARY = "libc++";
				CLANG_ENABLE_MODULES = YES;
				CLANG_ENABLE_OBJC_ARC = YES;
				CLANG_WARN_BOOL_CONVERSION = YES;
				CLANG_WARN_CONSTANT_CONVERSION = YES;
				CLANG_WARN_DIRECT_OBJC_ISA_USAGE = YES_ERROR;
				CLANG_WARN_DOCUMENTATION_COMMENTS = YES;
				CLANG_WARN_EMPTY_BODY = YES;
				CLANG_WARN_ENUM_CONVERSION = YES;
				CLANG_WARN_INFINITE_RECURSION = YES;
				CLANG_WARN_INT_CONVERSION = YES;
				CLANG_WARN_OBJC_ROOT_CLASS = YES_ERROR;
				CLANG_WARN_SUSPICIOUS_MOVE = YES;
				CLANG_WARN_UNREACHABLE_CODE = YES;
				CLANG_WARN__DUPLICATE_METHOD_MATCH = YES;
				CODE_SIGN_IDENTITY = "-";
				COMBINE_HIDPI_IMAGES = YES;
				COPY_PHASE_STRIP = NO;
				DEBUG_INFORMATION_FORMAT = "dwarf-with-dsym";
				ENABLE_NS_ASSERTIONS = NO;
				ENABLE_STRICT_OBJC_MSGSEND = YES;
				GCC_C_LANGUAGE_STANDARD = gnu99;
				GCC_NO_COMMON_BLOCKS = YES;
				GCC_WARN_64_TO_32_BIT_CONVERSION = YES;
				GCC_WARN_ABOUT_RETURN_TYPE = YES_ERROR;
				GCC_WARN_UNDECLARED_SELECTOR = YES;
				GCC_WARN_UNINITIALIZED_AUTOS = YES_AGGRESSIVE;
				GCC_WARN_UNUSED_FUNCTION = YES;
				GCC_WARN_UNUSED_VARIABLE = YES;
				INFOPLIST_FILE = "ShieldDemo-macOS/Info.plist";
				LD_RUNPATH_SEARCH_PATHS = "$(inherited) @executable_path/../Frameworks";
				MACOSX_DEPLOYMENT_TARGET = 10.12;
				MTL_ENABLE_DEBUG_INFO = NO;
				PRODUCT_BUNDLE_IDENTIFIER = "com.kosoku.ShieldDemo-macOS";
				PRODUCT_NAME = "$(TARGET_NAME)";
				SDKROOT = macosx;
			};
			name = Release;
		};
		072DBA391E7AF37D0070907C /* Debug */ = {
			isa = XCBuildConfiguration;
			buildSettings = {
				ALWAYS_SEARCH_USER_PATHS = NO;
				CLANG_ALLOW_NON_MODULAR_INCLUDES_IN_FRAMEWORK_MODULES = YES;
				CLANG_ANALYZER_NONNULL = YES;
				CLANG_CXX_LANGUAGE_STANDARD = "gnu++0x";
				CLANG_CXX_LIBRARY = "libc++";
				CLANG_ENABLE_MODULES = YES;
				CLANG_ENABLE_OBJC_ARC = YES;
				CLANG_WARN_BOOL_CONVERSION = YES;
				CLANG_WARN_CONSTANT_CONVERSION = YES;
				CLANG_WARN_DIRECT_OBJC_ISA_USAGE = YES_ERROR;
				CLANG_WARN_DOCUMENTATION_COMMENTS = YES;
				CLANG_WARN_EMPTY_BODY = YES;
				CLANG_WARN_ENUM_CONVERSION = YES;
				CLANG_WARN_INFINITE_RECURSION = YES;
				CLANG_WARN_INT_CONVERSION = YES;
				CLANG_WARN_OBJC_ROOT_CLASS = YES_ERROR;
				CLANG_WARN_SUSPICIOUS_MOVE = YES;
				CLANG_WARN_UNREACHABLE_CODE = YES;
				CLANG_WARN__DUPLICATE_METHOD_MATCH = YES;
				CODE_SIGN_IDENTITY = "";
				COPY_PHASE_STRIP = NO;
				CURRENT_PROJECT_VERSION = 1;
				DEBUG_INFORMATION_FORMAT = dwarf;
				DEFINES_MODULE = YES;
				DYLIB_COMPATIBILITY_VERSION = 1;
				DYLIB_CURRENT_VERSION = 1;
				DYLIB_INSTALL_NAME_BASE = "@rpath";
				ENABLE_STRICT_OBJC_MSGSEND = YES;
				ENABLE_TESTABILITY = YES;
				GCC_C_LANGUAGE_STANDARD = gnu99;
				GCC_DYNAMIC_NO_PIC = NO;
				GCC_NO_COMMON_BLOCKS = YES;
				GCC_OPTIMIZATION_LEVEL = 0;
				GCC_PREPROCESSOR_DEFINITIONS = (
					"DEBUG=1",
					"$(inherited)",
				);
				GCC_WARN_64_TO_32_BIT_CONVERSION = YES;
				GCC_WARN_ABOUT_RETURN_TYPE = YES_ERROR;
				GCC_WARN_UNDECLARED_SELECTOR = YES;
				GCC_WARN_UNINITIALIZED_AUTOS = YES_AGGRESSIVE;
				GCC_WARN_UNUSED_FUNCTION = YES;
				GCC_WARN_UNUSED_VARIABLE = YES;
				HEADER_SEARCH_PATHS = (
					"$(SRCROOT)/Vendor/Ditko",
					"$(SRCROOT)/Vendor/Stanley",
				);
				INFOPLIST_FILE = "$(SRCROOT)/Shield/Shield-tvOS-Info.plist";
				INFOPLIST_PREFIX_HEADER = "$(SRCROOT)/Shield/Shield-Info.h";
				INFOPLIST_PREPROCESS = YES;
				INSTALL_PATH = "$(LOCAL_LIBRARY_DIR)/Frameworks";
				LD_RUNPATH_SEARCH_PATHS = "$(inherited) @executable_path/Frameworks @loader_path/Frameworks";
				MTL_ENABLE_DEBUG_INFO = YES;
				ONLY_ACTIVE_ARCH = YES;
				PRODUCT_BUNDLE_IDENTIFIER = com.kosoku.shield;
				PRODUCT_NAME = Shield;
				SDKROOT = appletvos;
				SKIP_INSTALL = YES;
				TARGETED_DEVICE_FAMILY = 3;
				TVOS_DEPLOYMENT_TARGET = 10.0;
				VERSIONING_SYSTEM = "apple-generic";
				VERSION_INFO_PREFIX = "";
			};
			name = Debug;
		};
		072DBA3A1E7AF37D0070907C /* Release */ = {
			isa = XCBuildConfiguration;
			buildSettings = {
				ALWAYS_SEARCH_USER_PATHS = NO;
				CLANG_ALLOW_NON_MODULAR_INCLUDES_IN_FRAMEWORK_MODULES = YES;
				CLANG_ANALYZER_NONNULL = YES;
				CLANG_CXX_LANGUAGE_STANDARD = "gnu++0x";
				CLANG_CXX_LIBRARY = "libc++";
				CLANG_ENABLE_MODULES = YES;
				CLANG_ENABLE_OBJC_ARC = YES;
				CLANG_WARN_BOOL_CONVERSION = YES;
				CLANG_WARN_CONSTANT_CONVERSION = YES;
				CLANG_WARN_DIRECT_OBJC_ISA_USAGE = YES_ERROR;
				CLANG_WARN_DOCUMENTATION_COMMENTS = YES;
				CLANG_WARN_EMPTY_BODY = YES;
				CLANG_WARN_ENUM_CONVERSION = YES;
				CLANG_WARN_INFINITE_RECURSION = YES;
				CLANG_WARN_INT_CONVERSION = YES;
				CLANG_WARN_OBJC_ROOT_CLASS = YES_ERROR;
				CLANG_WARN_SUSPICIOUS_MOVE = YES;
				CLANG_WARN_UNREACHABLE_CODE = YES;
				CLANG_WARN__DUPLICATE_METHOD_MATCH = YES;
				CODE_SIGN_IDENTITY = "";
				COPY_PHASE_STRIP = NO;
				CURRENT_PROJECT_VERSION = 1;
				DEBUG_INFORMATION_FORMAT = "dwarf-with-dsym";
				DEFINES_MODULE = YES;
				DYLIB_COMPATIBILITY_VERSION = 1;
				DYLIB_CURRENT_VERSION = 1;
				DYLIB_INSTALL_NAME_BASE = "@rpath";
				ENABLE_NS_ASSERTIONS = NO;
				ENABLE_STRICT_OBJC_MSGSEND = YES;
				GCC_C_LANGUAGE_STANDARD = gnu99;
				GCC_NO_COMMON_BLOCKS = YES;
				GCC_WARN_64_TO_32_BIT_CONVERSION = YES;
				GCC_WARN_ABOUT_RETURN_TYPE = YES_ERROR;
				GCC_WARN_UNDECLARED_SELECTOR = YES;
				GCC_WARN_UNINITIALIZED_AUTOS = YES_AGGRESSIVE;
				GCC_WARN_UNUSED_FUNCTION = YES;
				GCC_WARN_UNUSED_VARIABLE = YES;
				HEADER_SEARCH_PATHS = (
					"$(SRCROOT)/Vendor/Ditko",
					"$(SRCROOT)/Vendor/Stanley",
				);
				INFOPLIST_FILE = "$(SRCROOT)/Shield/Shield-tvOS-Info.plist";
				INFOPLIST_PREFIX_HEADER = "$(SRCROOT)/Shield/Shield-Info.h";
				INFOPLIST_PREPROCESS = YES;
				INSTALL_PATH = "$(LOCAL_LIBRARY_DIR)/Frameworks";
				LD_RUNPATH_SEARCH_PATHS = "$(inherited) @executable_path/Frameworks @loader_path/Frameworks";
				MTL_ENABLE_DEBUG_INFO = NO;
				PRODUCT_BUNDLE_IDENTIFIER = com.kosoku.shield;
				PRODUCT_NAME = Shield;
				SDKROOT = appletvos;
				SKIP_INSTALL = YES;
				TARGETED_DEVICE_FAMILY = 3;
				TVOS_DEPLOYMENT_TARGET = 10.0;
				VALIDATE_PRODUCT = YES;
				VERSIONING_SYSTEM = "apple-generic";
				VERSION_INFO_PREFIX = "";
			};
			name = Release;
		};
		072DBA541E7AF3F10070907C /* Debug */ = {
			isa = XCBuildConfiguration;
			buildSettings = {
				ALWAYS_SEARCH_USER_PATHS = NO;
				ASSETCATALOG_COMPILER_APPICON_NAME = "App Icon & Top Shelf Image";
				ASSETCATALOG_COMPILER_LAUNCHIMAGE_NAME = LaunchImage;
				CLANG_ANALYZER_NONNULL = YES;
				CLANG_CXX_LANGUAGE_STANDARD = "gnu++0x";
				CLANG_CXX_LIBRARY = "libc++";
				CLANG_ENABLE_MODULES = YES;
				CLANG_ENABLE_OBJC_ARC = YES;
				CLANG_WARN_BOOL_CONVERSION = YES;
				CLANG_WARN_CONSTANT_CONVERSION = YES;
				CLANG_WARN_DIRECT_OBJC_ISA_USAGE = YES_ERROR;
				CLANG_WARN_DOCUMENTATION_COMMENTS = YES;
				CLANG_WARN_EMPTY_BODY = YES;
				CLANG_WARN_ENUM_CONVERSION = YES;
				CLANG_WARN_INFINITE_RECURSION = YES;
				CLANG_WARN_INT_CONVERSION = YES;
				CLANG_WARN_OBJC_ROOT_CLASS = YES_ERROR;
				CLANG_WARN_SUSPICIOUS_MOVE = YES;
				CLANG_WARN_UNREACHABLE_CODE = YES;
				CLANG_WARN__DUPLICATE_METHOD_MATCH = YES;
				COPY_PHASE_STRIP = NO;
				DEBUG_INFORMATION_FORMAT = dwarf;
				ENABLE_STRICT_OBJC_MSGSEND = YES;
				ENABLE_TESTABILITY = YES;
				GCC_C_LANGUAGE_STANDARD = gnu99;
				GCC_DYNAMIC_NO_PIC = NO;
				GCC_NO_COMMON_BLOCKS = YES;
				GCC_OPTIMIZATION_LEVEL = 0;
				GCC_PREPROCESSOR_DEFINITIONS = (
					"DEBUG=1",
					"$(inherited)",
				);
				GCC_WARN_64_TO_32_BIT_CONVERSION = YES;
				GCC_WARN_ABOUT_RETURN_TYPE = YES_ERROR;
				GCC_WARN_UNDECLARED_SELECTOR = YES;
				GCC_WARN_UNINITIALIZED_AUTOS = YES_AGGRESSIVE;
				GCC_WARN_UNUSED_FUNCTION = YES;
				GCC_WARN_UNUSED_VARIABLE = YES;
				INFOPLIST_FILE = "ShieldDemo-tvOS/Info.plist";
				LD_RUNPATH_SEARCH_PATHS = "$(inherited) @executable_path/Frameworks";
				MTL_ENABLE_DEBUG_INFO = YES;
				ONLY_ACTIVE_ARCH = YES;
				PRODUCT_BUNDLE_IDENTIFIER = "com.kosoku.ShieldDemo-tvOS";
				PRODUCT_NAME = "$(TARGET_NAME)";
				SDKROOT = appletvos;
				TARGETED_DEVICE_FAMILY = 3;
				TVOS_DEPLOYMENT_TARGET = 10.1;
			};
			name = Debug;
		};
		072DBA551E7AF3F10070907C /* Release */ = {
			isa = XCBuildConfiguration;
			buildSettings = {
				ALWAYS_SEARCH_USER_PATHS = NO;
				ASSETCATALOG_COMPILER_APPICON_NAME = "App Icon & Top Shelf Image";
				ASSETCATALOG_COMPILER_LAUNCHIMAGE_NAME = LaunchImage;
				CLANG_ANALYZER_NONNULL = YES;
				CLANG_CXX_LANGUAGE_STANDARD = "gnu++0x";
				CLANG_CXX_LIBRARY = "libc++";
				CLANG_ENABLE_MODULES = YES;
				CLANG_ENABLE_OBJC_ARC = YES;
				CLANG_WARN_BOOL_CONVERSION = YES;
				CLANG_WARN_CONSTANT_CONVERSION = YES;
				CLANG_WARN_DIRECT_OBJC_ISA_USAGE = YES_ERROR;
				CLANG_WARN_DOCUMENTATION_COMMENTS = YES;
				CLANG_WARN_EMPTY_BODY = YES;
				CLANG_WARN_ENUM_CONVERSION = YES;
				CLANG_WARN_INFINITE_RECURSION = YES;
				CLANG_WARN_INT_CONVERSION = YES;
				CLANG_WARN_OBJC_ROOT_CLASS = YES_ERROR;
				CLANG_WARN_SUSPICIOUS_MOVE = YES;
				CLANG_WARN_UNREACHABLE_CODE = YES;
				CLANG_WARN__DUPLICATE_METHOD_MATCH = YES;
				COPY_PHASE_STRIP = NO;
				DEBUG_INFORMATION_FORMAT = "dwarf-with-dsym";
				ENABLE_NS_ASSERTIONS = NO;
				ENABLE_STRICT_OBJC_MSGSEND = YES;
				GCC_C_LANGUAGE_STANDARD = gnu99;
				GCC_NO_COMMON_BLOCKS = YES;
				GCC_WARN_64_TO_32_BIT_CONVERSION = YES;
				GCC_WARN_ABOUT_RETURN_TYPE = YES_ERROR;
				GCC_WARN_UNDECLARED_SELECTOR = YES;
				GCC_WARN_UNINITIALIZED_AUTOS = YES_AGGRESSIVE;
				GCC_WARN_UNUSED_FUNCTION = YES;
				GCC_WARN_UNUSED_VARIABLE = YES;
				INFOPLIST_FILE = "ShieldDemo-tvOS/Info.plist";
				LD_RUNPATH_SEARCH_PATHS = "$(inherited) @executable_path/Frameworks";
				MTL_ENABLE_DEBUG_INFO = NO;
				PRODUCT_BUNDLE_IDENTIFIER = "com.kosoku.ShieldDemo-tvOS";
				PRODUCT_NAME = "$(TARGET_NAME)";
				SDKROOT = appletvos;
				TARGETED_DEVICE_FAMILY = 3;
				TVOS_DEPLOYMENT_TARGET = 10.1;
				VALIDATE_PRODUCT = YES;
			};
			name = Release;
		};
		076730901E7796A200030F0C /* Debug */ = {
			isa = XCBuildConfiguration;
			buildSettings = {
			};
			name = Debug;
		};
		076730911E7796A200030F0C /* Release */ = {
			isa = XCBuildConfiguration;
			buildSettings = {
			};
			name = Release;
		};
		076730AB1E7797F600030F0C /* Debug */ = {
			isa = XCBuildConfiguration;
			buildSettings = {
				ALWAYS_SEARCH_USER_PATHS = NO;
				CLANG_ALLOW_NON_MODULAR_INCLUDES_IN_FRAMEWORK_MODULES = YES;
				CLANG_ANALYZER_NONNULL = YES;
				CLANG_CXX_LANGUAGE_STANDARD = "gnu++0x";
				CLANG_CXX_LIBRARY = "libc++";
				CLANG_ENABLE_MODULES = YES;
				CLANG_ENABLE_OBJC_ARC = YES;
				CLANG_WARN_BOOL_CONVERSION = YES;
				CLANG_WARN_CONSTANT_CONVERSION = YES;
				CLANG_WARN_DIRECT_OBJC_ISA_USAGE = YES_ERROR;
				CLANG_WARN_DOCUMENTATION_COMMENTS = YES;
				CLANG_WARN_EMPTY_BODY = YES;
				CLANG_WARN_ENUM_CONVERSION = YES;
				CLANG_WARN_INFINITE_RECURSION = YES;
				CLANG_WARN_INT_CONVERSION = YES;
				CLANG_WARN_OBJC_ROOT_CLASS = YES_ERROR;
				CLANG_WARN_SUSPICIOUS_MOVE = YES;
				CLANG_WARN_UNREACHABLE_CODE = YES;
				CLANG_WARN__DUPLICATE_METHOD_MATCH = YES;
				CODE_SIGN_IDENTITY = "";
				"CODE_SIGN_IDENTITY[sdk=iphoneos*]" = "iPhone Developer";
				COPY_PHASE_STRIP = NO;
				CURRENT_PROJECT_VERSION = 1;
				DEBUG_INFORMATION_FORMAT = dwarf;
				DEFINES_MODULE = YES;
				DYLIB_COMPATIBILITY_VERSION = 1;
				DYLIB_CURRENT_VERSION = 1;
				DYLIB_INSTALL_NAME_BASE = "@rpath";
				ENABLE_STRICT_OBJC_MSGSEND = YES;
				ENABLE_TESTABILITY = YES;
				FRAMEWORK_SEARCH_PATHS = (
					"$(inherited)",
					"$(PROJECT_DIR)/Vendor/Stanley/build/Debug-iphoneos",
					"$(PROJECT_DIR)/Vendor/Ditko/build/Debug-iphoneos",
				);
				GCC_C_LANGUAGE_STANDARD = gnu99;
				GCC_DYNAMIC_NO_PIC = NO;
				GCC_NO_COMMON_BLOCKS = YES;
				GCC_OPTIMIZATION_LEVEL = 0;
				GCC_PREPROCESSOR_DEFINITIONS = (
					"DEBUG=1",
					"$(inherited)",
				);
				GCC_WARN_64_TO_32_BIT_CONVERSION = YES;
				GCC_WARN_ABOUT_RETURN_TYPE = YES_ERROR;
				GCC_WARN_UNDECLARED_SELECTOR = YES;
				GCC_WARN_UNINITIALIZED_AUTOS = YES_AGGRESSIVE;
				GCC_WARN_UNUSED_FUNCTION = YES;
				GCC_WARN_UNUSED_VARIABLE = YES;
				HEADER_SEARCH_PATHS = (
					"$(SRCROOT)/Vendor/Stanley",
					"$(SRCROOT)/Vendor/Ditko",
				);
				INFOPLIST_FILE = "$(SRCROOT)/Shield/Shield-iOS-Info.plist";
				INFOPLIST_PREFIX_HEADER = "$(SRCROOT)/Shield/Shield-Info.h";
				INFOPLIST_PREPROCESS = YES;
				INSTALL_PATH = "$(LOCAL_LIBRARY_DIR)/Frameworks";
				IPHONEOS_DEPLOYMENT_TARGET = 10.0;
				LD_RUNPATH_SEARCH_PATHS = "$(inherited) @executable_path/Frameworks @loader_path/Frameworks";
				MTL_ENABLE_DEBUG_INFO = YES;
				ONLY_ACTIVE_ARCH = YES;
				PRODUCT_BUNDLE_IDENTIFIER = com.kosoku.shield;
				PRODUCT_NAME = Shield;
				SDKROOT = iphoneos;
				SKIP_INSTALL = YES;
				TARGETED_DEVICE_FAMILY = "1,2";
				VERSIONING_SYSTEM = "apple-generic";
				VERSION_INFO_PREFIX = "";
			};
			name = Debug;
		};
		076730AC1E7797F600030F0C /* Release */ = {
			isa = XCBuildConfiguration;
			buildSettings = {
				ALWAYS_SEARCH_USER_PATHS = NO;
				CLANG_ALLOW_NON_MODULAR_INCLUDES_IN_FRAMEWORK_MODULES = YES;
				CLANG_ANALYZER_NONNULL = YES;
				CLANG_CXX_LANGUAGE_STANDARD = "gnu++0x";
				CLANG_CXX_LIBRARY = "libc++";
				CLANG_ENABLE_MODULES = YES;
				CLANG_ENABLE_OBJC_ARC = YES;
				CLANG_WARN_BOOL_CONVERSION = YES;
				CLANG_WARN_CONSTANT_CONVERSION = YES;
				CLANG_WARN_DIRECT_OBJC_ISA_USAGE = YES_ERROR;
				CLANG_WARN_DOCUMENTATION_COMMENTS = YES;
				CLANG_WARN_EMPTY_BODY = YES;
				CLANG_WARN_ENUM_CONVERSION = YES;
				CLANG_WARN_INFINITE_RECURSION = YES;
				CLANG_WARN_INT_CONVERSION = YES;
				CLANG_WARN_OBJC_ROOT_CLASS = YES_ERROR;
				CLANG_WARN_SUSPICIOUS_MOVE = YES;
				CLANG_WARN_UNREACHABLE_CODE = YES;
				CLANG_WARN__DUPLICATE_METHOD_MATCH = YES;
				CODE_SIGN_IDENTITY = "";
				"CODE_SIGN_IDENTITY[sdk=iphoneos*]" = "iPhone Developer";
				COPY_PHASE_STRIP = NO;
				CURRENT_PROJECT_VERSION = 1;
				DEBUG_INFORMATION_FORMAT = "dwarf-with-dsym";
				DEFINES_MODULE = YES;
				DYLIB_COMPATIBILITY_VERSION = 1;
				DYLIB_CURRENT_VERSION = 1;
				DYLIB_INSTALL_NAME_BASE = "@rpath";
				ENABLE_NS_ASSERTIONS = NO;
				ENABLE_STRICT_OBJC_MSGSEND = YES;
				FRAMEWORK_SEARCH_PATHS = (
					"$(inherited)",
					"$(PROJECT_DIR)/Vendor/Stanley/build/Debug-iphoneos",
					"$(PROJECT_DIR)/Vendor/Ditko/build/Debug-iphoneos",
				);
				GCC_C_LANGUAGE_STANDARD = gnu99;
				GCC_NO_COMMON_BLOCKS = YES;
				GCC_WARN_64_TO_32_BIT_CONVERSION = YES;
				GCC_WARN_ABOUT_RETURN_TYPE = YES_ERROR;
				GCC_WARN_UNDECLARED_SELECTOR = YES;
				GCC_WARN_UNINITIALIZED_AUTOS = YES_AGGRESSIVE;
				GCC_WARN_UNUSED_FUNCTION = YES;
				GCC_WARN_UNUSED_VARIABLE = YES;
				HEADER_SEARCH_PATHS = (
					"$(SRCROOT)/Vendor/Stanley",
					"$(SRCROOT)/Vendor/Ditko",
				);
				INFOPLIST_FILE = "$(SRCROOT)/Shield/Shield-iOS-Info.plist";
				INFOPLIST_PREFIX_HEADER = "$(SRCROOT)/Shield/Shield-Info.h";
				INFOPLIST_PREPROCESS = YES;
				INSTALL_PATH = "$(LOCAL_LIBRARY_DIR)/Frameworks";
				IPHONEOS_DEPLOYMENT_TARGET = 10.0;
				LD_RUNPATH_SEARCH_PATHS = "$(inherited) @executable_path/Frameworks @loader_path/Frameworks";
				MTL_ENABLE_DEBUG_INFO = NO;
				PRODUCT_BUNDLE_IDENTIFIER = com.kosoku.shield;
				PRODUCT_NAME = Shield;
				SDKROOT = iphoneos;
				SKIP_INSTALL = YES;
				TARGETED_DEVICE_FAMILY = "1,2";
				VALIDATE_PRODUCT = YES;
				VERSIONING_SYSTEM = "apple-generic";
				VERSION_INFO_PREFIX = "";
			};
			name = Release;
		};
		076730CD1E7799A000030F0C /* Debug */ = {
			isa = XCBuildConfiguration;
			buildSettings = {
				ALWAYS_SEARCH_USER_PATHS = NO;
				ASSETCATALOG_COMPILER_APPICON_NAME = AppIcon;
				CLANG_ANALYZER_NONNULL = YES;
				CLANG_CXX_LANGUAGE_STANDARD = "gnu++0x";
				CLANG_CXX_LIBRARY = "libc++";
				CLANG_ENABLE_MODULES = YES;
				CLANG_ENABLE_OBJC_ARC = YES;
				CLANG_WARN_BOOL_CONVERSION = YES;
				CLANG_WARN_CONSTANT_CONVERSION = YES;
				CLANG_WARN_DIRECT_OBJC_ISA_USAGE = YES_ERROR;
				CLANG_WARN_DOCUMENTATION_COMMENTS = YES;
				CLANG_WARN_EMPTY_BODY = YES;
				CLANG_WARN_ENUM_CONVERSION = YES;
				CLANG_WARN_INFINITE_RECURSION = YES;
				CLANG_WARN_INT_CONVERSION = YES;
				CLANG_WARN_OBJC_ROOT_CLASS = YES_ERROR;
				CLANG_WARN_SUSPICIOUS_MOVE = YES;
				CLANG_WARN_UNREACHABLE_CODE = YES;
				CLANG_WARN__DUPLICATE_METHOD_MATCH = YES;
				CODE_SIGN_ENTITLEMENTS = "ShieldDemo-iOS/ShieldDemo-iOS.entitlements";
				"CODE_SIGN_IDENTITY[sdk=iphoneos*]" = "iPhone Developer";
				COPY_PHASE_STRIP = NO;
				DEBUG_INFORMATION_FORMAT = dwarf;
				DEVELOPMENT_TEAM = C6AZ27TEW2;
				ENABLE_STRICT_OBJC_MSGSEND = YES;
				ENABLE_TESTABILITY = YES;
				GCC_C_LANGUAGE_STANDARD = gnu99;
				GCC_DYNAMIC_NO_PIC = NO;
				GCC_NO_COMMON_BLOCKS = YES;
				GCC_OPTIMIZATION_LEVEL = 0;
				GCC_PREPROCESSOR_DEFINITIONS = (
					"DEBUG=1",
					"$(inherited)",
				);
				GCC_WARN_64_TO_32_BIT_CONVERSION = YES;
				GCC_WARN_ABOUT_RETURN_TYPE = YES_ERROR;
				GCC_WARN_UNDECLARED_SELECTOR = YES;
				GCC_WARN_UNINITIALIZED_AUTOS = YES_AGGRESSIVE;
				GCC_WARN_UNUSED_FUNCTION = YES;
				GCC_WARN_UNUSED_VARIABLE = YES;
				INFOPLIST_FILE = "ShieldDemo-iOS/Info.plist";
				IPHONEOS_DEPLOYMENT_TARGET = 10.2;
				LD_RUNPATH_SEARCH_PATHS = "$(inherited) @executable_path/Frameworks";
				MTL_ENABLE_DEBUG_INFO = YES;
				ONLY_ACTIVE_ARCH = YES;
				PRODUCT_BUNDLE_IDENTIFIER = "com.kosoku.ShieldDemo-iOS";
				PRODUCT_NAME = "$(TARGET_NAME)";
				SDKROOT = iphoneos;
				TARGETED_DEVICE_FAMILY = "1,2";
			};
			name = Debug;
		};
		076730CE1E7799A000030F0C /* Release */ = {
			isa = XCBuildConfiguration;
			buildSettings = {
				ALWAYS_SEARCH_USER_PATHS = NO;
				ASSETCATALOG_COMPILER_APPICON_NAME = AppIcon;
				CLANG_ANALYZER_NONNULL = YES;
				CLANG_CXX_LANGUAGE_STANDARD = "gnu++0x";
				CLANG_CXX_LIBRARY = "libc++";
				CLANG_ENABLE_MODULES = YES;
				CLANG_ENABLE_OBJC_ARC = YES;
				CLANG_WARN_BOOL_CONVERSION = YES;
				CLANG_WARN_CONSTANT_CONVERSION = YES;
				CLANG_WARN_DIRECT_OBJC_ISA_USAGE = YES_ERROR;
				CLANG_WARN_DOCUMENTATION_COMMENTS = YES;
				CLANG_WARN_EMPTY_BODY = YES;
				CLANG_WARN_ENUM_CONVERSION = YES;
				CLANG_WARN_INFINITE_RECURSION = YES;
				CLANG_WARN_INT_CONVERSION = YES;
				CLANG_WARN_OBJC_ROOT_CLASS = YES_ERROR;
				CLANG_WARN_SUSPICIOUS_MOVE = YES;
				CLANG_WARN_UNREACHABLE_CODE = YES;
				CLANG_WARN__DUPLICATE_METHOD_MATCH = YES;
				CODE_SIGN_ENTITLEMENTS = "ShieldDemo-iOS/ShieldDemo-iOS.entitlements";
				"CODE_SIGN_IDENTITY[sdk=iphoneos*]" = "iPhone Developer";
				COPY_PHASE_STRIP = NO;
				DEBUG_INFORMATION_FORMAT = "dwarf-with-dsym";
				DEVELOPMENT_TEAM = C6AZ27TEW2;
				ENABLE_NS_ASSERTIONS = NO;
				ENABLE_STRICT_OBJC_MSGSEND = YES;
				GCC_C_LANGUAGE_STANDARD = gnu99;
				GCC_NO_COMMON_BLOCKS = YES;
				GCC_WARN_64_TO_32_BIT_CONVERSION = YES;
				GCC_WARN_ABOUT_RETURN_TYPE = YES_ERROR;
				GCC_WARN_UNDECLARED_SELECTOR = YES;
				GCC_WARN_UNINITIALIZED_AUTOS = YES_AGGRESSIVE;
				GCC_WARN_UNUSED_FUNCTION = YES;
				GCC_WARN_UNUSED_VARIABLE = YES;
				INFOPLIST_FILE = "ShieldDemo-iOS/Info.plist";
				IPHONEOS_DEPLOYMENT_TARGET = 10.2;
				LD_RUNPATH_SEARCH_PATHS = "$(inherited) @executable_path/Frameworks";
				MTL_ENABLE_DEBUG_INFO = NO;
				PRODUCT_BUNDLE_IDENTIFIER = "com.kosoku.ShieldDemo-iOS";
				PRODUCT_NAME = "$(TARGET_NAME)";
				SDKROOT = iphoneos;
				TARGETED_DEVICE_FAMILY = "1,2";
				VALIDATE_PRODUCT = YES;
			};
			name = Release;
		};
/* End XCBuildConfiguration section */

/* Begin XCConfigurationList section */
		072DB9FE1E7AD86E0070907C /* Build configuration list for PBXNativeTarget "Shield-macOS" */ = {
			isa = XCConfigurationList;
			buildConfigurations = (
				072DB9FF1E7AD86E0070907C /* Debug */,
				072DBA001E7AD86E0070907C /* Release */,
			);
			defaultConfigurationIsVisible = 0;
			defaultConfigurationName = Release;
		};
		072DBA1A1E7AD9630070907C /* Build configuration list for PBXNativeTarget "ShieldDemo-macOS" */ = {
			isa = XCConfigurationList;
			buildConfigurations = (
				072DBA1B1E7AD9630070907C /* Debug */,
				072DBA1C1E7AD9630070907C /* Release */,
			);
			defaultConfigurationIsVisible = 0;
			defaultConfigurationName = Release;
		};
		072DBA381E7AF37D0070907C /* Build configuration list for PBXNativeTarget "Shield-tvOS" */ = {
			isa = XCConfigurationList;
			buildConfigurations = (
				072DBA391E7AF37D0070907C /* Debug */,
				072DBA3A1E7AF37D0070907C /* Release */,
			);
			defaultConfigurationIsVisible = 0;
			defaultConfigurationName = Release;
		};
		072DBA531E7AF3F10070907C /* Build configuration list for PBXNativeTarget "ShieldDemo-tvOS" */ = {
			isa = XCConfigurationList;
			buildConfigurations = (
				072DBA541E7AF3F10070907C /* Debug */,
				072DBA551E7AF3F10070907C /* Release */,
			);
			defaultConfigurationIsVisible = 0;
			defaultConfigurationName = Release;
		};
		0767308F1E7796A200030F0C /* Build configuration list for PBXProject "Shield" */ = {
			isa = XCConfigurationList;
			buildConfigurations = (
				076730901E7796A200030F0C /* Debug */,
				076730911E7796A200030F0C /* Release */,
			);
			defaultConfigurationIsVisible = 0;
			defaultConfigurationName = Release;
		};
		076730AA1E7797F600030F0C /* Build configuration list for PBXNativeTarget "Shield-iOS" */ = {
			isa = XCConfigurationList;
			buildConfigurations = (
				076730AB1E7797F600030F0C /* Debug */,
				076730AC1E7797F600030F0C /* Release */,
			);
			defaultConfigurationIsVisible = 0;
			defaultConfigurationName = Release;
		};
		076730CC1E7799A000030F0C /* Build configuration list for PBXNativeTarget "ShieldDemo-iOS" */ = {
			isa = XCConfigurationList;
			buildConfigurations = (
				076730CD1E7799A000030F0C /* Debug */,
				076730CE1E7799A000030F0C /* Release */,
			);
			defaultConfigurationIsVisible = 0;
			defaultConfigurationName = Release;
		};
/* End XCConfigurationList section */
	};
	rootObject = 0767308C1E7796A200030F0C /* Project object */;
}
